// !$*UTF8*$!
{
	archiveVersion = 1;
	classes = {
	};
	objectVersion = 46;
	objects = {

/* Begin PBXBuildFile section */
		024B3126165AF74800EEED3F /* GXTypeIdentifier.h in Headers */ = {isa = PBXBuildFile; fileRef = 024B3124165AF74800EEED3F /* GXTypeIdentifier.h */; settings = {ATTRIBUTES = (Public, ); }; };
		024B3127165AF74800EEED3F /* GXTypeIdentifier.h in Headers */ = {isa = PBXBuildFile; fileRef = 024B3124165AF74800EEED3F /* GXTypeIdentifier.h */; settings = {ATTRIBUTES = (Public, ); }; };
		024B3128165AF74800EEED3F /* GXTypeIdentifier.m in Sources */ = {isa = PBXBuildFile; fileRef = 024B3125165AF74800EEED3F /* GXTypeIdentifier.m */; };
		024B3129165AF74800EEED3F /* GXTypeIdentifier.m in Sources */ = {isa = PBXBuildFile; fileRef = 024B3125165AF74800EEED3F /* GXTypeIdentifier.m */; };
		024B312D165AFF5E00EEED3F /* GravitonErrors.h in Headers */ = {isa = PBXBuildFile; fileRef = 024B312B165AFF5E00EEED3F /* GravitonErrors.h */; settings = {ATTRIBUTES = (Public, ); }; };
		024B312E165AFF5E00EEED3F /* GravitonErrors.h in Headers */ = {isa = PBXBuildFile; fileRef = 024B312B165AFF5E00EEED3F /* GravitonErrors.h */; settings = {ATTRIBUTES = (Public, ); }; };
		024B312F165AFF5E00EEED3F /* GravitonErrors.m in Sources */ = {isa = PBXBuildFile; fileRef = 024B312C165AFF5E00EEED3F /* GravitonErrors.m */; };
		024B3130165AFF5E00EEED3F /* GravitonErrors.m in Sources */ = {isa = PBXBuildFile; fileRef = 024B312C165AFF5E00EEED3F /* GravitonErrors.m */; };
		024B3134165B006F00EEED3F /* GXVersion_Private.h in Headers */ = {isa = PBXBuildFile; fileRef = 024B3131165B006F00EEED3F /* GXVersion_Private.h */; settings = {ATTRIBUTES = (Private, ); }; };
		024B3135165B006F00EEED3F /* GXVersion_Private.h in Headers */ = {isa = PBXBuildFile; fileRef = 024B3131165B006F00EEED3F /* GXVersion_Private.h */; settings = {ATTRIBUTES = (Private, ); }; };
		024B3136165B006F00EEED3F /* GXVersion.h in Headers */ = {isa = PBXBuildFile; fileRef = 024B3132165B006F00EEED3F /* GXVersion.h */; settings = {ATTRIBUTES = (Public, ); }; };
		024B3137165B006F00EEED3F /* GXVersion.h in Headers */ = {isa = PBXBuildFile; fileRef = 024B3132165B006F00EEED3F /* GXVersion.h */; settings = {ATTRIBUTES = (Public, ); }; };
		024B3138165B006F00EEED3F /* GXVersion.m in Sources */ = {isa = PBXBuildFile; fileRef = 024B3133165B006F00EEED3F /* GXVersion.m */; };
		024B3139165B006F00EEED3F /* GXVersion.m in Sources */ = {isa = PBXBuildFile; fileRef = 024B3133165B006F00EEED3F /* GXVersion.m */; };
		02705DA416CD714500B84D2F /* GXOrdinalNumberFormatter.h in Headers */ = {isa = PBXBuildFile; fileRef = 02705DA216CD714500B84D2F /* GXOrdinalNumberFormatter.h */; settings = {ATTRIBUTES = (Public, ); }; };
		02705DA516CD714500B84D2F /* GXOrdinalNumberFormatter.h in Headers */ = {isa = PBXBuildFile; fileRef = 02705DA216CD714500B84D2F /* GXOrdinalNumberFormatter.h */; settings = {ATTRIBUTES = (Public, ); }; };
		02705DA616CD714500B84D2F /* GXOrdinalNumberFormatter.m in Sources */ = {isa = PBXBuildFile; fileRef = 02705DA316CD714500B84D2F /* GXOrdinalNumberFormatter.m */; };
		02705DA716CD714500B84D2F /* GXOrdinalNumberFormatter.m in Sources */ = {isa = PBXBuildFile; fileRef = 02705DA316CD714500B84D2F /* GXOrdinalNumberFormatter.m */; };
		028EA8F116656EF800BF075B /* NSData+GravitonAdditions.h in Headers */ = {isa = PBXBuildFile; fileRef = 028EA8EF16656EF800BF075B /* NSData+GravitonAdditions.h */; settings = {ATTRIBUTES = (Public, ); }; };
		028EA8F216656EF800BF075B /* NSData+GravitonAdditions.h in Headers */ = {isa = PBXBuildFile; fileRef = 028EA8EF16656EF800BF075B /* NSData+GravitonAdditions.h */; settings = {ATTRIBUTES = (Public, ); }; };
		028EA8F316656EF800BF075B /* NSData+GravitonAdditions.m in Sources */ = {isa = PBXBuildFile; fileRef = 028EA8F016656EF800BF075B /* NSData+GravitonAdditions.m */; };
		028EA8F416656EF800BF075B /* NSData+GravitonAdditions.m in Sources */ = {isa = PBXBuildFile; fileRef = 028EA8F016656EF800BF075B /* NSData+GravitonAdditions.m */; };
		028EA8F91665820100BF075B /* GXObservation_Private.h in Headers */ = {isa = PBXBuildFile; fileRef = 028EA8F81665820100BF075B /* GXObservation_Private.h */; settings = {ATTRIBUTES = (Private, ); }; };
		028EA8FA1665820100BF075B /* GXObservation_Private.h in Headers */ = {isa = PBXBuildFile; fileRef = 028EA8F81665820100BF075B /* GXObservation_Private.h */; settings = {ATTRIBUTES = (Private, ); }; };
		02942FD516431799009A0966 /* GXMixin.h in Headers */ = {isa = PBXBuildFile; fileRef = 02942FD316431799009A0966 /* GXMixin.h */; settings = {ATTRIBUTES = (Public, ); }; };
		02942FD616431799009A0966 /* GXMixin.h in Headers */ = {isa = PBXBuildFile; fileRef = 02942FD316431799009A0966 /* GXMixin.h */; settings = {ATTRIBUTES = (Public, ); }; };
		02942FD716431799009A0966 /* GXMixin.m in Sources */ = {isa = PBXBuildFile; fileRef = 02942FD416431799009A0966 /* GXMixin.m */; };
		02942FD816431799009A0966 /* GXMixin.m in Sources */ = {isa = PBXBuildFile; fileRef = 02942FD416431799009A0966 /* GXMixin.m */; };
		02E4CD1516A9C4B60017FCF9 /* GXReachability.h in Headers */ = {isa = PBXBuildFile; fileRef = 02E4CD1316A9C4B60017FCF9 /* GXReachability.h */; settings = {ATTRIBUTES = (Public, ); }; };
		02E4CD1616A9C4B60017FCF9 /* GXReachability.h in Headers */ = {isa = PBXBuildFile; fileRef = 02E4CD1316A9C4B60017FCF9 /* GXReachability.h */; settings = {ATTRIBUTES = (Public, ); }; };
		02E4CD1716A9C4B60017FCF9 /* GXReachability.m in Sources */ = {isa = PBXBuildFile; fileRef = 02E4CD1416A9C4B60017FCF9 /* GXReachability.m */; };
		02E4CD1816A9C4B60017FCF9 /* GXReachability.m in Sources */ = {isa = PBXBuildFile; fileRef = 02E4CD1416A9C4B60017FCF9 /* GXReachability.m */; };
		02E4CD1A16A9C5460017FCF9 /* SystemConfiguration.framework in Frameworks */ = {isa = PBXBuildFile; fileRef = 02E4CD1916A9C5460017FCF9 /* SystemConfiguration.framework */; };
		02E4CD1B16A9C5610017FCF9 /* SystemConfiguration.framework in Frameworks */ = {isa = PBXBuildFile; fileRef = 02E4CD1916A9C5460017FCF9 /* SystemConfiguration.framework */; };
		02F2A6B6152B99B700414EE4 /* GXObservation.h in Headers */ = {isa = PBXBuildFile; fileRef = 02F2A6B4152B99B700414EE4 /* GXObservation.h */; settings = {ATTRIBUTES = (Public, ); }; };
		02F2A6B7152B99B700414EE4 /* GXObservation.m in Sources */ = {isa = PBXBuildFile; fileRef = 02F2A6B5152B99B700414EE4 /* GXObservation.m */; };
		02F2A6BE152B9F2B00414EE4 /* GXObjectObservation.h in Headers */ = {isa = PBXBuildFile; fileRef = 02F2A6BC152B9F2A00414EE4 /* GXObjectObservation.h */; settings = {ATTRIBUTES = (Private, ); }; };
		02F2A6BF152B9F2B00414EE4 /* GXObjectObservation.m in Sources */ = {isa = PBXBuildFile; fileRef = 02F2A6BD152B9F2B00414EE4 /* GXObjectObservation.m */; };
		02F2A6C2152B9F5E00414EE4 /* GXObservation.h in Headers */ = {isa = PBXBuildFile; fileRef = 02F2A6B4152B99B700414EE4 /* GXObservation.h */; settings = {ATTRIBUTES = (Public, ); }; };
		02F2A6C3152B9F5E00414EE4 /* GXObservation.m in Sources */ = {isa = PBXBuildFile; fileRef = 02F2A6B5152B99B700414EE4 /* GXObservation.m */; };
		02F2A6C6152B9F5E00414EE4 /* GXObjectObservation.h in Headers */ = {isa = PBXBuildFile; fileRef = 02F2A6BC152B9F2A00414EE4 /* GXObjectObservation.h */; settings = {ATTRIBUTES = (Private, ); }; };
		02F2A6C8152B9F5E00414EE4 /* GXObjectObservation.m in Sources */ = {isa = PBXBuildFile; fileRef = 02F2A6BD152B9F2B00414EE4 /* GXObjectObservation.m */; };
		02F2A6CB152B9F8000414EE4 /* GXBlockObservation.h in Headers */ = {isa = PBXBuildFile; fileRef = 02F2A6C9152B9F8000414EE4 /* GXBlockObservation.h */; settings = {ATTRIBUTES = (Private, ); }; };
		02F2A6CC152B9F8000414EE4 /* GXBlockObservation.h in Headers */ = {isa = PBXBuildFile; fileRef = 02F2A6C9152B9F8000414EE4 /* GXBlockObservation.h */; settings = {ATTRIBUTES = (Private, ); }; };
		02F2A6CD152B9F8000414EE4 /* GXBlockObservation.m in Sources */ = {isa = PBXBuildFile; fileRef = 02F2A6CA152B9F8000414EE4 /* GXBlockObservation.m */; };
		02F2A6CE152B9F8000414EE4 /* GXBlockObservation.m in Sources */ = {isa = PBXBuildFile; fileRef = 02F2A6CA152B9F8000414EE4 /* GXBlockObservation.m */; };
		02FC3D6A15DEB25800FD60E5 /* GXTime.h in Headers */ = {isa = PBXBuildFile; fileRef = 02FC3D6815DEB25800FD60E5 /* GXTime.h */; settings = {ATTRIBUTES = (Public, ); }; };
		02FC3D6B15DEB25800FD60E5 /* GXTime.h in Headers */ = {isa = PBXBuildFile; fileRef = 02FC3D6815DEB25800FD60E5 /* GXTime.h */; settings = {ATTRIBUTES = (Public, ); }; };
		02FC3D6C15DEB25800FD60E5 /* GXTime.m in Sources */ = {isa = PBXBuildFile; fileRef = 02FC3D6915DEB25800FD60E5 /* GXTime.m */; };
		02FC3D6D15DEB25800FD60E5 /* GXTime.m in Sources */ = {isa = PBXBuildFile; fileRef = 02FC3D6915DEB25800FD60E5 /* GXTime.m */; };
		EA091A1A150A92870033C7DF /* InfoPlist.strings in Resources */ = {isa = PBXBuildFile; fileRef = EA091A18150A92870033C7DF /* InfoPlist.strings */; };
		EA091A1E150A92870033C7DF /* Graviton.m in Sources */ = {isa = PBXBuildFile; fileRef = EA091A1D150A92870033C7DF /* Graviton.m */; };
		EA091A25150A92CA0033C7DF /* GravitonDefines.h in Headers */ = {isa = PBXBuildFile; fileRef = EA091A24150A92CA0033C7DF /* GravitonDefines.h */; settings = {ATTRIBUTES = (Public, ); }; };
		EA091A26150A92CE0033C7DF /* Graviton.h in Headers */ = {isa = PBXBuildFile; fileRef = EA091A1C150A92870033C7DF /* Graviton.h */; settings = {ATTRIBUTES = (Public, ); }; };
		EA091A27150A93180033C7DF /* Foundation.framework in Frameworks */ = {isa = PBXBuildFile; fileRef = EA091A14150A92870033C7DF /* Foundation.framework */; };
		EA247065162E41F0006FB548 /* NSObject+GravitonAdditions.m in Sources */ = {isa = PBXBuildFile; fileRef = EA4424DF15193D7F00EA1C1B /* NSObject+GravitonAdditions.m */; };
		EA4424E015193D7F00EA1C1B /* NSObject+GravitonAdditions.h in Headers */ = {isa = PBXBuildFile; fileRef = EA4424DE15193D7F00EA1C1B /* NSObject+GravitonAdditions.h */; settings = {ATTRIBUTES = (Public, ); }; };
		EA4424E115193D7F00EA1C1B /* NSObject+GravitonAdditions.m in Sources */ = {isa = PBXBuildFile; fileRef = EA4424DF15193D7F00EA1C1B /* NSObject+GravitonAdditions.m */; };
		EA55FA40151D35A80088F053 /* Foundation.framework in Frameworks */ = {isa = PBXBuildFile; fileRef = EA091A14150A92870033C7DF /* Foundation.framework */; };
		EA55FA4B151D35B30088F053 /* Graviton.h in Headers */ = {isa = PBXBuildFile; fileRef = EA091A1C150A92870033C7DF /* Graviton.h */; settings = {ATTRIBUTES = (Public, ); }; };
		EA55FA4C151D35B70088F053 /* GravitonDefines.h in Headers */ = {isa = PBXBuildFile; fileRef = EA091A24150A92CA0033C7DF /* GravitonDefines.h */; settings = {ATTRIBUTES = (Public, ); }; };
		EA55FA4E151D35C80088F053 /* NSObject+GravitonAdditions.h in Headers */ = {isa = PBXBuildFile; fileRef = EA4424DE15193D7F00EA1C1B /* NSObject+GravitonAdditions.h */; settings = {ATTRIBUTES = (Public, ); }; };
		EA5F782D16CA350B00F6477D /* CoreServices.framework in Frameworks */ = {isa = PBXBuildFile; fileRef = EA5F782C16CA350B00F6477D /* CoreServices.framework */; };
		EA5F782F16CA351500F6477D /* MobileCoreServices.framework in Frameworks */ = {isa = PBXBuildFile; fileRef = EA5F782E16CA351500F6477D /* MobileCoreServices.framework */; };
		EA94B8DC15F54C02004503B1 /* GXDebug.h in Headers */ = {isa = PBXBuildFile; fileRef = EA94B8DA15F54C02004503B1 /* GXDebug.h */; settings = {ATTRIBUTES = (Public, ); }; };
		EA94B8DD15F54C02004503B1 /* GXDebug.h in Headers */ = {isa = PBXBuildFile; fileRef = EA94B8DA15F54C02004503B1 /* GXDebug.h */; settings = {ATTRIBUTES = (Public, ); }; };
		EA94B8DE15F54C02004503B1 /* GXDebug.m in Sources */ = {isa = PBXBuildFile; fileRef = EA94B8DB15F54C02004503B1 /* GXDebug.m */; };
		EA94B8DF15F54C02004503B1 /* GXDebug.m in Sources */ = {isa = PBXBuildFile; fileRef = EA94B8DB15F54C02004503B1 /* GXDebug.m */; };
/* End PBXBuildFile section */

/* Begin PBXFileReference section */
		024B3124165AF74800EEED3F /* GXTypeIdentifier.h */ = {isa = PBXFileReference; fileEncoding = 4; lastKnownFileType = sourcecode.c.h; path = GXTypeIdentifier.h; sourceTree = "<group>"; };
		024B3125165AF74800EEED3F /* GXTypeIdentifier.m */ = {isa = PBXFileReference; fileEncoding = 4; lastKnownFileType = sourcecode.c.objc; path = GXTypeIdentifier.m; sourceTree = "<group>"; };
		024B312B165AFF5E00EEED3F /* GravitonErrors.h */ = {isa = PBXFileReference; fileEncoding = 4; lastKnownFileType = sourcecode.c.h; path = GravitonErrors.h; sourceTree = "<group>"; };
		024B312C165AFF5E00EEED3F /* GravitonErrors.m */ = {isa = PBXFileReference; fileEncoding = 4; lastKnownFileType = sourcecode.c.objc; path = GravitonErrors.m; sourceTree = "<group>"; };
		024B3131165B006F00EEED3F /* GXVersion_Private.h */ = {isa = PBXFileReference; fileEncoding = 4; lastKnownFileType = sourcecode.c.h; path = GXVersion_Private.h; sourceTree = "<group>"; };
		024B3132165B006F00EEED3F /* GXVersion.h */ = {isa = PBXFileReference; fileEncoding = 4; lastKnownFileType = sourcecode.c.h; path = GXVersion.h; sourceTree = "<group>"; };
		024B3133165B006F00EEED3F /* GXVersion.m */ = {isa = PBXFileReference; fileEncoding = 4; lastKnownFileType = sourcecode.c.objc; path = GXVersion.m; sourceTree = "<group>"; };
		02705DA216CD714500B84D2F /* GXOrdinalNumberFormatter.h */ = {isa = PBXFileReference; fileEncoding = 4; lastKnownFileType = sourcecode.c.h; path = GXOrdinalNumberFormatter.h; sourceTree = "<group>"; };
		02705DA316CD714500B84D2F /* GXOrdinalNumberFormatter.m */ = {isa = PBXFileReference; fileEncoding = 4; lastKnownFileType = sourcecode.c.objc; path = GXOrdinalNumberFormatter.m; sourceTree = "<group>"; };
		028EA8EF16656EF800BF075B /* NSData+GravitonAdditions.h */ = {isa = PBXFileReference; fileEncoding = 4; lastKnownFileType = sourcecode.c.h; path = "NSData+GravitonAdditions.h"; sourceTree = "<group>"; };
		028EA8F016656EF800BF075B /* NSData+GravitonAdditions.m */ = {isa = PBXFileReference; fileEncoding = 4; lastKnownFileType = sourcecode.c.objc; path = "NSData+GravitonAdditions.m"; sourceTree = "<group>"; };
		028EA8F81665820100BF075B /* GXObservation_Private.h */ = {isa = PBXFileReference; fileEncoding = 4; lastKnownFileType = sourcecode.c.h; path = GXObservation_Private.h; sourceTree = "<group>"; };
		02942FD316431799009A0966 /* GXMixin.h */ = {isa = PBXFileReference; fileEncoding = 4; lastKnownFileType = sourcecode.c.h; path = GXMixin.h; sourceTree = "<group>"; };
		02942FD416431799009A0966 /* GXMixin.m */ = {isa = PBXFileReference; fileEncoding = 4; lastKnownFileType = sourcecode.c.objc; path = GXMixin.m; sourceTree = "<group>"; };
		02E4CD1316A9C4B60017FCF9 /* GXReachability.h */ = {isa = PBXFileReference; fileEncoding = 4; lastKnownFileType = sourcecode.c.h; path = GXReachability.h; sourceTree = "<group>"; };
		02E4CD1416A9C4B60017FCF9 /* GXReachability.m */ = {isa = PBXFileReference; fileEncoding = 4; lastKnownFileType = sourcecode.c.objc; path = GXReachability.m; sourceTree = "<group>"; };
		02E4CD1916A9C5460017FCF9 /* SystemConfiguration.framework */ = {isa = PBXFileReference; lastKnownFileType = wrapper.framework; name = SystemConfiguration.framework; path = System/Library/Frameworks/SystemConfiguration.framework; sourceTree = SDKROOT; };
		02F2A6B4152B99B700414EE4 /* GXObservation.h */ = {isa = PBXFileReference; fileEncoding = 4; lastKnownFileType = sourcecode.c.h; path = GXObservation.h; sourceTree = "<group>"; };
		02F2A6B5152B99B700414EE4 /* GXObservation.m */ = {isa = PBXFileReference; fileEncoding = 4; lastKnownFileType = sourcecode.c.objc; path = GXObservation.m; sourceTree = "<group>"; };
		02F2A6BC152B9F2A00414EE4 /* GXObjectObservation.h */ = {isa = PBXFileReference; fileEncoding = 4; lastKnownFileType = sourcecode.c.h; path = GXObjectObservation.h; sourceTree = "<group>"; };
		02F2A6BD152B9F2B00414EE4 /* GXObjectObservation.m */ = {isa = PBXFileReference; fileEncoding = 4; lastKnownFileType = sourcecode.c.objc; path = GXObjectObservation.m; sourceTree = "<group>"; };
		02F2A6C9152B9F8000414EE4 /* GXBlockObservation.h */ = {isa = PBXFileReference; fileEncoding = 4; lastKnownFileType = sourcecode.c.h; path = GXBlockObservation.h; sourceTree = "<group>"; };
		02F2A6CA152B9F8000414EE4 /* GXBlockObservation.m */ = {isa = PBXFileReference; fileEncoding = 4; lastKnownFileType = sourcecode.c.objc; path = GXBlockObservation.m; sourceTree = "<group>"; };
		02FC3D6815DEB25800FD60E5 /* GXTime.h */ = {isa = PBXFileReference; fileEncoding = 4; lastKnownFileType = sourcecode.c.h; path = GXTime.h; sourceTree = "<group>"; };
		02FC3D6915DEB25800FD60E5 /* GXTime.m */ = {isa = PBXFileReference; fileEncoding = 4; lastKnownFileType = sourcecode.c.objc; path = GXTime.m; sourceTree = "<group>"; };
		EA091A0C150A92870033C7DF /* Graviton.framework */ = {isa = PBXFileReference; explicitFileType = wrapper.framework; includeInIndex = 0; path = Graviton.framework; sourceTree = BUILT_PRODUCTS_DIR; };
		EA091A14150A92870033C7DF /* Foundation.framework */ = {isa = PBXFileReference; lastKnownFileType = wrapper.framework; name = Foundation.framework; path = System/Library/Frameworks/Foundation.framework; sourceTree = SDKROOT; };
		EA091A17150A92870033C7DF /* Graviton-Info.plist */ = {isa = PBXFileReference; lastKnownFileType = text.plist.xml; path = "Graviton-Info.plist"; sourceTree = "<group>"; };
		EA091A19150A92870033C7DF /* en */ = {isa = PBXFileReference; lastKnownFileType = text.plist.strings; name = en; path = en.lproj/InfoPlist.strings; sourceTree = "<group>"; };
		EA091A1B150A92870033C7DF /* Graviton-Prefix.pch */ = {isa = PBXFileReference; lastKnownFileType = sourcecode.c.h; path = "Graviton-Prefix.pch"; sourceTree = "<group>"; };
		EA091A1C150A92870033C7DF /* Graviton.h */ = {isa = PBXFileReference; lastKnownFileType = sourcecode.c.h; path = Graviton.h; sourceTree = "<group>"; };
		EA091A1D150A92870033C7DF /* Graviton.m */ = {isa = PBXFileReference; lastKnownFileType = sourcecode.c.objc; path = Graviton.m; sourceTree = "<group>"; };
		EA091A24150A92CA0033C7DF /* GravitonDefines.h */ = {isa = PBXFileReference; fileEncoding = 4; lastKnownFileType = sourcecode.c.h; path = GravitonDefines.h; sourceTree = "<group>"; };
		EA4424DE15193D7F00EA1C1B /* NSObject+GravitonAdditions.h */ = {isa = PBXFileReference; fileEncoding = 4; lastKnownFileType = sourcecode.c.h; path = "NSObject+GravitonAdditions.h"; sourceTree = "<group>"; };
		EA4424DF15193D7F00EA1C1B /* NSObject+GravitonAdditions.m */ = {isa = PBXFileReference; fileEncoding = 4; lastKnownFileType = sourcecode.c.objc; path = "NSObject+GravitonAdditions.m"; sourceTree = "<group>"; };
		EA55FA3F151D35A70088F053 /* libGraviton.a */ = {isa = PBXFileReference; explicitFileType = archive.ar; includeInIndex = 0; path = libGraviton.a; sourceTree = BUILT_PRODUCTS_DIR; };
		EA55FA43151D35A80088F053 /* libGraviton-Prefix.pch */ = {isa = PBXFileReference; lastKnownFileType = sourcecode.c.h; path = "libGraviton-Prefix.pch"; sourceTree = "<group>"; };
		EA5F782C16CA350B00F6477D /* CoreServices.framework */ = {isa = PBXFileReference; lastKnownFileType = wrapper.framework; name = CoreServices.framework; path = System/Library/Frameworks/CoreServices.framework; sourceTree = SDKROOT; };
		EA5F782E16CA351500F6477D /* MobileCoreServices.framework */ = {isa = PBXFileReference; lastKnownFileType = wrapper.framework; name = MobileCoreServices.framework; path = Platforms/iPhoneOS.platform/Developer/SDKs/iPhoneOS6.1.sdk/System/Library/Frameworks/MobileCoreServices.framework; sourceTree = DEVELOPER_DIR; };
		EA94B8DA15F54C02004503B1 /* GXDebug.h */ = {isa = PBXFileReference; fileEncoding = 4; lastKnownFileType = sourcecode.c.h; path = GXDebug.h; sourceTree = "<group>"; };
		EA94B8DB15F54C02004503B1 /* GXDebug.m */ = {isa = PBXFileReference; fileEncoding = 4; lastKnownFileType = sourcecode.c.objc; path = GXDebug.m; sourceTree = "<group>"; };
/* End PBXFileReference section */

/* Begin PBXFrameworksBuildPhase section */
		EA091A08150A92870033C7DF /* Frameworks */ = {
			isa = PBXFrameworksBuildPhase;
			buildActionMask = 2147483647;
			files = (
				EA091A27150A93180033C7DF /* Foundation.framework in Frameworks */,
				EA5F782D16CA350B00F6477D /* CoreServices.framework in Frameworks */,
				02E4CD1A16A9C5460017FCF9 /* SystemConfiguration.framework in Frameworks */,
			);
			runOnlyForDeploymentPostprocessing = 0;
		};
		EA55FA3C151D35A70088F053 /* Frameworks */ = {
			isa = PBXFrameworksBuildPhase;
			buildActionMask = 2147483647;
			files = (
				EA55FA40151D35A80088F053 /* Foundation.framework in Frameworks */,
				EA5F782F16CA351500F6477D /* MobileCoreServices.framework in Frameworks */,
				02E4CD1B16A9C5610017FCF9 /* SystemConfiguration.framework in Frameworks */,
			);
			runOnlyForDeploymentPostprocessing = 0;
		};
/* End PBXFrameworksBuildPhase section */

/* Begin PBXGroup section */
		02705DA116CD712E00B84D2F /* Formatters */ = {
			isa = PBXGroup;
			children = (
				02705DA216CD714500B84D2F /* GXOrdinalNumberFormatter.h */,
				02705DA316CD714500B84D2F /* GXOrdinalNumberFormatter.m */,
			);
			path = Formatters;
			sourceTree = "<group>";
		};
		02942FD116431787009A0966 /* Mixins */ = {
			isa = PBXGroup;
			children = (
				02942FD316431799009A0966 /* GXMixin.h */,
				02942FD416431799009A0966 /* GXMixin.m */,
			);
			path = Mixins;
			sourceTree = "<group>";
		};
		02F2A6B2152B99A000414EE4 /* Observations */ = {
			isa = PBXGroup;
			children = (
				02F2A6B4152B99B700414EE4 /* GXObservation.h */,
				028EA8F81665820100BF075B /* GXObservation_Private.h */,
				02F2A6B5152B99B700414EE4 /* GXObservation.m */,
				02F2A6BC152B9F2A00414EE4 /* GXObjectObservation.h */,
				02F2A6BD152B9F2B00414EE4 /* GXObjectObservation.m */,
				02F2A6C9152B9F8000414EE4 /* GXBlockObservation.h */,
				02F2A6CA152B9F8000414EE4 /* GXBlockObservation.m */,
			);
			path = Observations;
			sourceTree = "<group>";
		};
		EA091A00150A92860033C7DF = {
			isa = PBXGroup;
			children = (
				EA091A15150A92870033C7DF /* Graviton */,
				EA55FA41151D35A80088F053 /* libGraviton */,
				EA091A0E150A92870033C7DF /* Frameworks */,
				EA091A0D150A92870033C7DF /* Products */,
			);
			sourceTree = "<group>";
			usesTabs = 0;
		};
		EA091A0D150A92870033C7DF /* Products */ = {
			isa = PBXGroup;
			children = (
				EA091A0C150A92870033C7DF /* Graviton.framework */,
				EA55FA3F151D35A70088F053 /* libGraviton.a */,
			);
			name = Products;
			sourceTree = "<group>";
		};
		EA091A0E150A92870033C7DF /* Frameworks */ = {
			isa = PBXGroup;
			children = (
				EA091A14150A92870033C7DF /* Foundation.framework */,
				EA5F782C16CA350B00F6477D /* CoreServices.framework */,
				EA5F782E16CA351500F6477D /* MobileCoreServices.framework */,
				02E4CD1916A9C5460017FCF9 /* SystemConfiguration.framework */,
			);
			name = Frameworks;
			sourceTree = "<group>";
		};
		EA091A15150A92870033C7DF /* Graviton */ = {
			isa = PBXGroup;
			children = (
				EA091A1C150A92870033C7DF /* Graviton.h */,
				EA091A1D150A92870033C7DF /* Graviton.m */,
				EA091A24150A92CA0033C7DF /* GravitonDefines.h */,
				024B312B165AFF5E00EEED3F /* GravitonErrors.h */,
				024B312C165AFF5E00EEED3F /* GravitonErrors.m */,
				EA4FFDFF15D8C4D400032AE1 /* Objects */,
				02705DA116CD712E00B84D2F /* Formatters */,
				02F2A6B2152B99A000414EE4 /* Observations */,
				02942FD116431787009A0966 /* Mixins */,
				EA94B8D815F54BD4004503B1 /* Logging */,
				EA4424DC15193D6D00EA1C1B /* Categories */,
				EA091A16150A92870033C7DF /* Supporting Files */,
			);
			path = Graviton;
			sourceTree = "<group>";
		};
		EA091A16150A92870033C7DF /* Supporting Files */ = {
			isa = PBXGroup;
			children = (
				EA091A17150A92870033C7DF /* Graviton-Info.plist */,
				EA091A18150A92870033C7DF /* InfoPlist.strings */,
				EA091A1B150A92870033C7DF /* Graviton-Prefix.pch */,
			);
			name = "Supporting Files";
			sourceTree = "<group>";
		};
		EA4424DC15193D6D00EA1C1B /* Categories */ = {
			isa = PBXGroup;
			children = (
				EA4424DE15193D7F00EA1C1B /* NSObject+GravitonAdditions.h */,
				EA4424DF15193D7F00EA1C1B /* NSObject+GravitonAdditions.m */,
				028EA8EF16656EF800BF075B /* NSData+GravitonAdditions.h */,
				028EA8F016656EF800BF075B /* NSData+GravitonAdditions.m */,
			);
			path = Categories;
			sourceTree = "<group>";
		};
		EA4FFDFF15D8C4D400032AE1 /* Objects */ = {
			isa = PBXGroup;
			children = (
				02E4CD1316A9C4B60017FCF9 /* GXReachability.h */,
				02E4CD1416A9C4B60017FCF9 /* GXReachability.m */,
				02FC3D6815DEB25800FD60E5 /* GXTime.h */,
				02FC3D6915DEB25800FD60E5 /* GXTime.m */,
				024B3124165AF74800EEED3F /* GXTypeIdentifier.h */,
				024B3125165AF74800EEED3F /* GXTypeIdentifier.m */,
				024B3132165B006F00EEED3F /* GXVersion.h */,
				024B3131165B006F00EEED3F /* GXVersion_Private.h */,
				024B3133165B006F00EEED3F /* GXVersion.m */,
			);
			path = Objects;
			sourceTree = "<group>";
		};
		EA55FA41151D35A80088F053 /* libGraviton */ = {
			isa = PBXGroup;
			children = (
				EA55FA42151D35A80088F053 /* Supporting Files */,
			);
			path = libGraviton;
			sourceTree = "<group>";
		};
		EA55FA42151D35A80088F053 /* Supporting Files */ = {
			isa = PBXGroup;
			children = (
				EA55FA43151D35A80088F053 /* libGraviton-Prefix.pch */,
			);
			name = "Supporting Files";
			sourceTree = "<group>";
		};
		EA94B8D815F54BD4004503B1 /* Logging */ = {
			isa = PBXGroup;
			children = (
				EA94B8DA15F54C02004503B1 /* GXDebug.h */,
				EA94B8DB15F54C02004503B1 /* GXDebug.m */,
			);
			path = Logging;
			sourceTree = "<group>";
		};
/* End PBXGroup section */

/* Begin PBXHeadersBuildPhase section */
		EA091A09150A92870033C7DF /* Headers */ = {
			isa = PBXHeadersBuildPhase;
			buildActionMask = 2147483647;
			files = (
				EA091A25150A92CA0033C7DF /* GravitonDefines.h in Headers */,
				EA091A26150A92CE0033C7DF /* Graviton.h in Headers */,
				EA4424E015193D7F00EA1C1B /* NSObject+GravitonAdditions.h in Headers */,
				02F2A6B6152B99B700414EE4 /* GXObservation.h in Headers */,
				02F2A6BE152B9F2B00414EE4 /* GXObjectObservation.h in Headers */,
				02F2A6CB152B9F8000414EE4 /* GXBlockObservation.h in Headers */,
				02FC3D6A15DEB25800FD60E5 /* GXTime.h in Headers */,
				EA94B8DC15F54C02004503B1 /* GXDebug.h in Headers */,
				02942FD516431799009A0966 /* GXMixin.h in Headers */,
				024B3126165AF74800EEED3F /* GXTypeIdentifier.h in Headers */,
				024B312D165AFF5E00EEED3F /* GravitonErrors.h in Headers */,
				024B3134165B006F00EEED3F /* GXVersion_Private.h in Headers */,
				024B3136165B006F00EEED3F /* GXVersion.h in Headers */,
				028EA8F116656EF800BF075B /* NSData+GravitonAdditions.h in Headers */,
				028EA8F91665820100BF075B /* GXObservation_Private.h in Headers */,
				02E4CD1516A9C4B60017FCF9 /* GXReachability.h in Headers */,
				02705DA416CD714500B84D2F /* GXOrdinalNumberFormatter.h in Headers */,
			);
			runOnlyForDeploymentPostprocessing = 0;
		};
		EA55FA3D151D35A70088F053 /* Headers */ = {
			isa = PBXHeadersBuildPhase;
			buildActionMask = 2147483647;
			files = (
				EA55FA4B151D35B30088F053 /* Graviton.h in Headers */,
				EA55FA4C151D35B70088F053 /* GravitonDefines.h in Headers */,
				EA55FA4E151D35C80088F053 /* NSObject+GravitonAdditions.h in Headers */,
				02F2A6C2152B9F5E00414EE4 /* GXObservation.h in Headers */,
				02F2A6C6152B9F5E00414EE4 /* GXObjectObservation.h in Headers */,
				02F2A6CC152B9F8000414EE4 /* GXBlockObservation.h in Headers */,
				02FC3D6B15DEB25800FD60E5 /* GXTime.h in Headers */,
				EA94B8DD15F54C02004503B1 /* GXDebug.h in Headers */,
				02942FD616431799009A0966 /* GXMixin.h in Headers */,
				024B3127165AF74800EEED3F /* GXTypeIdentifier.h in Headers */,
				024B312E165AFF5E00EEED3F /* GravitonErrors.h in Headers */,
				024B3135165B006F00EEED3F /* GXVersion_Private.h in Headers */,
				024B3137165B006F00EEED3F /* GXVersion.h in Headers */,
				028EA8F216656EF800BF075B /* NSData+GravitonAdditions.h in Headers */,
				028EA8FA1665820100BF075B /* GXObservation_Private.h in Headers */,
				02E4CD1616A9C4B60017FCF9 /* GXReachability.h in Headers */,
				02705DA516CD714500B84D2F /* GXOrdinalNumberFormatter.h in Headers */,
			);
			runOnlyForDeploymentPostprocessing = 0;
		};
/* End PBXHeadersBuildPhase section */

/* Begin PBXNativeTarget section */
		EA091A0B150A92870033C7DF /* Graviton */ = {
			isa = PBXNativeTarget;
			buildConfigurationList = EA091A21150A92870033C7DF /* Build configuration list for PBXNativeTarget "Graviton" */;
			buildPhases = (
				EA091A07150A92870033C7DF /* Sources */,
				EA091A08150A92870033C7DF /* Frameworks */,
				EA091A09150A92870033C7DF /* Headers */,
				EA091A0A150A92870033C7DF /* Resources */,
			);
			buildRules = (
			);
			dependencies = (
			);
			name = Graviton;
			productName = Graviton;
			productReference = EA091A0C150A92870033C7DF /* Graviton.framework */;
			productType = "com.apple.product-type.framework";
		};
		EA55FA3E151D35A70088F053 /* libGraviton */ = {
			isa = PBXNativeTarget;
			buildConfigurationList = EA55FA49151D35A80088F053 /* Build configuration list for PBXNativeTarget "libGraviton" */;
			buildPhases = (
				EA55FA3B151D35A70088F053 /* Sources */,
				EA55FA3C151D35A70088F053 /* Frameworks */,
				EA55FA3D151D35A70088F053 /* Headers */,
			);
			buildRules = (
			);
			dependencies = (
			);
			name = libGraviton;
			productName = libGraviton;
			productReference = EA55FA3F151D35A70088F053 /* libGraviton.a */;
			productType = "com.apple.product-type.library.static";
		};
/* End PBXNativeTarget section */

/* Begin PBXProject section */
		EA091A02150A92860033C7DF /* Project object */ = {
			isa = PBXProject;
			attributes = {
				CLASSPREFIX = GX;
				LastUpgradeCheck = 0460;
				ORGANIZATIONNAME = "Sunflower Softworks";
			};
			buildConfigurationList = EA091A05150A92860033C7DF /* Build configuration list for PBXProject "Graviton" */;
			compatibilityVersion = "Xcode 3.2";
			developmentRegion = English;
			hasScannedForEncodings = 0;
			knownRegions = (
				en,
			);
			mainGroup = EA091A00150A92860033C7DF;
			productRefGroup = EA091A0D150A92870033C7DF /* Products */;
			projectDirPath = "";
			projectRoot = "";
			targets = (
				EA091A0B150A92870033C7DF /* Graviton */,
				EA55FA3E151D35A70088F053 /* libGraviton */,
			);
		};
/* End PBXProject section */

/* Begin PBXResourcesBuildPhase section */
		EA091A0A150A92870033C7DF /* Resources */ = {
			isa = PBXResourcesBuildPhase;
			buildActionMask = 2147483647;
			files = (
				EA091A1A150A92870033C7DF /* InfoPlist.strings in Resources */,
			);
			runOnlyForDeploymentPostprocessing = 0;
		};
/* End PBXResourcesBuildPhase section */

/* Begin PBXSourcesBuildPhase section */
		EA091A07150A92870033C7DF /* Sources */ = {
			isa = PBXSourcesBuildPhase;
			buildActionMask = 2147483647;
			files = (
				EA091A1E150A92870033C7DF /* Graviton.m in Sources */,
				EA4424E115193D7F00EA1C1B /* NSObject+GravitonAdditions.m in Sources */,
				02F2A6B7152B99B700414EE4 /* GXObservation.m in Sources */,
				02F2A6BF152B9F2B00414EE4 /* GXObjectObservation.m in Sources */,
				02F2A6CD152B9F8000414EE4 /* GXBlockObservation.m in Sources */,
				02FC3D6C15DEB25800FD60E5 /* GXTime.m in Sources */,
				EA94B8DE15F54C02004503B1 /* GXDebug.m in Sources */,
				02942FD716431799009A0966 /* GXMixin.m in Sources */,
				024B3128165AF74800EEED3F /* GXTypeIdentifier.m in Sources */,
				024B312F165AFF5E00EEED3F /* GravitonErrors.m in Sources */,
				024B3138165B006F00EEED3F /* GXVersion.m in Sources */,
				028EA8F316656EF800BF075B /* NSData+GravitonAdditions.m in Sources */,
				02E4CD1716A9C4B60017FCF9 /* GXReachability.m in Sources */,
				02705DA616CD714500B84D2F /* GXOrdinalNumberFormatter.m in Sources */,
			);
			runOnlyForDeploymentPostprocessing = 0;
		};
		EA55FA3B151D35A70088F053 /* Sources */ = {
			isa = PBXSourcesBuildPhase;
			buildActionMask = 2147483647;
			files = (
				02F2A6C3152B9F5E00414EE4 /* GXObservation.m in Sources */,
				02F2A6C8152B9F5E00414EE4 /* GXObjectObservation.m in Sources */,
				02F2A6CE152B9F8000414EE4 /* GXBlockObservation.m in Sources */,
				02FC3D6D15DEB25800FD60E5 /* GXTime.m in Sources */,
				EA94B8DF15F54C02004503B1 /* GXDebug.m in Sources */,
				EA247065162E41F0006FB548 /* NSObject+GravitonAdditions.m in Sources */,
				02942FD816431799009A0966 /* GXMixin.m in Sources */,
				024B3129165AF74800EEED3F /* GXTypeIdentifier.m in Sources */,
				024B3130165AFF5E00EEED3F /* GravitonErrors.m in Sources */,
				024B3139165B006F00EEED3F /* GXVersion.m in Sources */,
				028EA8F416656EF800BF075B /* NSData+GravitonAdditions.m in Sources */,
				02E4CD1816A9C4B60017FCF9 /* GXReachability.m in Sources */,
				02705DA716CD714500B84D2F /* GXOrdinalNumberFormatter.m in Sources */,
			);
			runOnlyForDeploymentPostprocessing = 0;
		};
/* End PBXSourcesBuildPhase section */

/* Begin PBXVariantGroup section */
		EA091A18150A92870033C7DF /* InfoPlist.strings */ = {
			isa = PBXVariantGroup;
			children = (
				EA091A19150A92870033C7DF /* en */,
			);
			name = InfoPlist.strings;
			sourceTree = "<group>";
		};
/* End PBXVariantGroup section */

/* Begin XCBuildConfiguration section */
		EA091A1F150A92870033C7DF /* Debug */ = {
			isa = XCBuildConfiguration;
			buildSettings = {
				ALWAYS_SEARCH_USER_PATHS = NO;
				ARCHS = "$(ARCHS_STANDARD_64_BIT)";
				CLANG_CXX_LANGUAGE_STANDARD = "gnu++0x";
				CLANG_ENABLE_OBJC_ARC = YES;
				CLANG_WARN_CONSTANT_CONVERSION = YES;
				CLANG_WARN_DEPRECATED_OBJC_IMPLEMENTATIONS = YES;
				CLANG_WARN_ENUM_CONVERSION = YES;
				CLANG_WARN_INT_CONVERSION = YES;
				CLANG_WARN__DUPLICATE_METHOD_MATCH = YES;
				COPY_PHASE_STRIP = NO;
				GCC_C_LANGUAGE_STANDARD = gnu99;
				GCC_DYNAMIC_NO_PIC = NO;
				GCC_ENABLE_OBJC_EXCEPTIONS = YES;
				GCC_OPTIMIZATION_LEVEL = 0;
				GCC_PREPROCESSOR_DEFINITIONS = (
					"DEBUG=1",
					"$(inherited)",
				);
				GCC_SYMBOLS_PRIVATE_EXTERN = NO;
				GCC_VERSION = com.apple.compilers.llvm.clang.1_0;
				GCC_WARN_64_TO_32_BIT_CONVERSION = YES;
				GCC_WARN_ABOUT_RETURN_TYPE = YES;
				GCC_WARN_UNDECLARED_SELECTOR = YES;
				GCC_WARN_UNINITIALIZED_AUTOS = YES;
				GCC_WARN_UNUSED_VARIABLE = YES;
				IPHONEOS_DEPLOYMENT_TARGET = 5.0;
				MACOSX_DEPLOYMENT_TARGET = 10.8;
				ONLY_ACTIVE_ARCH = YES;
				SDKROOT = macosx;
			};
			name = Debug;
		};
		EA091A20150A92870033C7DF /* Release */ = {
			isa = XCBuildConfiguration;
			buildSettings = {
				ALWAYS_SEARCH_USER_PATHS = NO;
				ARCHS = "$(ARCHS_STANDARD_64_BIT)";
				CLANG_CXX_LANGUAGE_STANDARD = "gnu++0x";
				CLANG_ENABLE_OBJC_ARC = YES;
				CLANG_WARN_CONSTANT_CONVERSION = YES;
				CLANG_WARN_DEPRECATED_OBJC_IMPLEMENTATIONS = YES;
				CLANG_WARN_ENUM_CONVERSION = YES;
				CLANG_WARN_INT_CONVERSION = YES;
				CLANG_WARN__DUPLICATE_METHOD_MATCH = YES;
				COPY_PHASE_STRIP = YES;
				DEBUG_INFORMATION_FORMAT = "dwarf-with-dsym";
				GCC_C_LANGUAGE_STANDARD = gnu99;
				GCC_ENABLE_OBJC_EXCEPTIONS = YES;
				GCC_VERSION = com.apple.compilers.llvm.clang.1_0;
				GCC_WARN_64_TO_32_BIT_CONVERSION = YES;
				GCC_WARN_ABOUT_RETURN_TYPE = YES;
				GCC_WARN_UNDECLARED_SELECTOR = YES;
				GCC_WARN_UNINITIALIZED_AUTOS = YES;
				GCC_WARN_UNUSED_VARIABLE = YES;
				IPHONEOS_DEPLOYMENT_TARGET = 5.0;
				MACOSX_DEPLOYMENT_TARGET = 10.8;
				SDKROOT = macosx;
			};
			name = Release;
		};
		EA091A22150A92870033C7DF /* Debug */ = {
			isa = XCBuildConfiguration;
			buildSettings = {
				COMBINE_HIDPI_IMAGES = YES;
				DYLIB_COMPATIBILITY_VERSION = 1;
				DYLIB_CURRENT_VERSION = 1;
				FRAMEWORK_VERSION = A;
				GCC_PRECOMPILE_PREFIX_HEADER = YES;
				GCC_PREFIX_HEADER = "Graviton/Graviton-Prefix.pch";
				INFOPLIST_FILE = "Graviton/Graviton-Info.plist";
				INSTALL_PATH = "@rpath";
				PRODUCT_NAME = "$(TARGET_NAME)";
				WRAPPER_EXTENSION = framework;
			};
			name = Debug;
		};
		EA091A23150A92870033C7DF /* Release */ = {
			isa = XCBuildConfiguration;
			buildSettings = {
				COMBINE_HIDPI_IMAGES = YES;
				DYLIB_COMPATIBILITY_VERSION = 1;
				DYLIB_CURRENT_VERSION = 1;
				FRAMEWORK_VERSION = A;
				GCC_PRECOMPILE_PREFIX_HEADER = YES;
				GCC_PREFIX_HEADER = "Graviton/Graviton-Prefix.pch";
				INFOPLIST_FILE = "Graviton/Graviton-Info.plist";
				INSTALL_PATH = "@rpath";
				PRODUCT_NAME = "$(TARGET_NAME)";
				WRAPPER_EXTENSION = framework;
			};
			name = Release;
		};
		EA55FA47151D35A80088F053 /* Debug */ = {
			isa = XCBuildConfiguration;
			buildSettings = {
				ARCHS = "$(ARCHS_STANDARD_32_BIT)";
				DSTROOT = /tmp/libGraviton.dst;
				GCC_PRECOMPILE_PREFIX_HEADER = YES;
				GCC_PREFIX_HEADER = "libGraviton/libGraviton-Prefix.pch";
				ONLY_ACTIVE_ARCH = NO;
				OTHER_LDFLAGS = "-ObjC";
				PRIVATE_HEADERS_FOLDER_PATH = Headers/Graviton;
				PRODUCT_NAME = Graviton;
				PUBLIC_HEADERS_FOLDER_PATH = Headers/Graviton;
				SDKROOT = iphoneos;
				SKIP_INSTALL = YES;
			};
			name = Debug;
		};
		EA55FA48151D35A80088F053 /* Release */ = {
			isa = XCBuildConfiguration;
			buildSettings = {
				ARCHS = "$(ARCHS_STANDARD_32_BIT)";
				DSTROOT = /tmp/libGraviton.dst;
				GCC_PRECOMPILE_PREFIX_HEADER = YES;
				GCC_PREFIX_HEADER = "libGraviton/libGraviton-Prefix.pch";
				ONLY_ACTIVE_ARCH = NO;
				OTHER_LDFLAGS = "-ObjC";
				PRIVATE_HEADERS_FOLDER_PATH = Headers/Graviton;
				PRODUCT_NAME = Graviton;
				PUBLIC_HEADERS_FOLDER_PATH = Headers/Graviton;
				SDKROOT = iphoneos;
				SKIP_INSTALL = YES;
				VALIDATE_PRODUCT = YES;
			};
			name = Release;
		};
/* End XCBuildConfiguration section */

/* Begin XCConfigurationList section */
		EA091A05150A92860033C7DF /* Build configuration list for PBXProject "Graviton" */ = {
			isa = XCConfigurationList;
			buildConfigurations = (
				EA091A1F150A92870033C7DF /* Debug */,
				EA091A20150A92870033C7DF /* Release */,
			);
			defaultConfigurationIsVisible = 0;
			defaultConfigurationName = Release;
		};
		EA091A21150A92870033C7DF /* Build configuration list for PBXNativeTarget "Graviton" */ = {
			isa = XCConfigurationList;
			buildConfigurations = (
				EA091A22150A92870033C7DF /* Debug */,
				EA091A23150A92870033C7DF /* Release */,
			);
			defaultConfigurationIsVisible = 0;
			defaultConfigurationName = Release;
		};
		EA55FA49151D35A80088F053 /* Build configuration list for PBXNativeTarget "libGraviton" */ = {
			isa = XCConfigurationList;
			buildConfigurations = (
				EA55FA47151D35A80088F053 /* Debug */,
				EA55FA48151D35A80088F053 /* Release */,
			);
			defaultConfigurationIsVisible = 0;
			defaultConfigurationName = Release;
		};
/* End XCConfigurationList section */
	};
	rootObject = EA091A02150A92860033C7DF /* Project object */;
}
