// !$*UTF8*$!
{
	archiveVersion = 1;
	classes = {
	};
	objectVersion = 46;
	objects = {

/* Begin PBXBuildFile section */
		024C647915F950CD0064D8DF /* GXSemaphore.h in Headers */ = {isa = PBXBuildFile; fileRef = 024C647715F950CD0064D8DF /* GXSemaphore.h */; settings = {ATTRIBUTES = (Public, ); }; };
		024C647A15F950CD0064D8DF /* GXSemaphore.h in Headers */ = {isa = PBXBuildFile; fileRef = 024C647715F950CD0064D8DF /* GXSemaphore.h */; settings = {ATTRIBUTES = (Public, ); }; };
		024C647B15F950CD0064D8DF /* GXSemaphore.m in Sources */ = {isa = PBXBuildFile; fileRef = 024C647815F950CD0064D8DF /* GXSemaphore.m */; };
		024C647C15F950CD0064D8DF /* GXSemaphore.m in Sources */ = {isa = PBXBuildFile; fileRef = 024C647815F950CD0064D8DF /* GXSemaphore.m */; };
		02F2A6B6152B99B700414EE4 /* GXKVONotificationCenter.h in Headers */ = {isa = PBXBuildFile; fileRef = 02F2A6B4152B99B700414EE4 /* GXKVONotificationCenter.h */; settings = {ATTRIBUTES = (Public, ); }; };
		02F2A6B7152B99B700414EE4 /* GXKVONotificationCenter.m in Sources */ = {isa = PBXBuildFile; fileRef = 02F2A6B5152B99B700414EE4 /* GXKVONotificationCenter.m */; };
		02F2A6BA152B9E6000414EE4 /* GXKVOObservation.h in Headers */ = {isa = PBXBuildFile; fileRef = 02F2A6B8152B9E5F00414EE4 /* GXKVOObservation.h */; settings = {ATTRIBUTES = (Private, ); }; };
		02F2A6BB152B9E6000414EE4 /* GXKVOObservation.m in Sources */ = {isa = PBXBuildFile; fileRef = 02F2A6B9152B9E5F00414EE4 /* GXKVOObservation.m */; };
		02F2A6BE152B9F2B00414EE4 /* GXObjectKVOObservation.h in Headers */ = {isa = PBXBuildFile; fileRef = 02F2A6BC152B9F2A00414EE4 /* GXObjectKVOObservation.h */; settings = {ATTRIBUTES = (Private, ); }; };
		02F2A6BF152B9F2B00414EE4 /* GXObjectKVOObservation.m in Sources */ = {isa = PBXBuildFile; fileRef = 02F2A6BD152B9F2B00414EE4 /* GXObjectKVOObservation.m */; };
		02F2A6C1152B9F5400414EE4 /* GXObjectKVOObservation_Private.h in Headers */ = {isa = PBXBuildFile; fileRef = 02F2A6C0152B9F5400414EE4 /* GXObjectKVOObservation_Private.h */; settings = {ATTRIBUTES = (Private, ); }; };
		02F2A6C2152B9F5E00414EE4 /* GXKVONotificationCenter.h in Headers */ = {isa = PBXBuildFile; fileRef = 02F2A6B4152B99B700414EE4 /* GXKVONotificationCenter.h */; settings = {ATTRIBUTES = (Public, ); }; };
		02F2A6C3152B9F5E00414EE4 /* GXKVONotificationCenter.m in Sources */ = {isa = PBXBuildFile; fileRef = 02F2A6B5152B99B700414EE4 /* GXKVONotificationCenter.m */; };
		02F2A6C4152B9F5E00414EE4 /* GXKVOObservation.h in Headers */ = {isa = PBXBuildFile; fileRef = 02F2A6B8152B9E5F00414EE4 /* GXKVOObservation.h */; settings = {ATTRIBUTES = (Private, ); }; };
		02F2A6C5152B9F5E00414EE4 /* GXKVOObservation.m in Sources */ = {isa = PBXBuildFile; fileRef = 02F2A6B9152B9E5F00414EE4 /* GXKVOObservation.m */; };
		02F2A6C6152B9F5E00414EE4 /* GXObjectKVOObservation.h in Headers */ = {isa = PBXBuildFile; fileRef = 02F2A6BC152B9F2A00414EE4 /* GXObjectKVOObservation.h */; settings = {ATTRIBUTES = (Private, ); }; };
		02F2A6C7152B9F5E00414EE4 /* GXObjectKVOObservation_Private.h in Headers */ = {isa = PBXBuildFile; fileRef = 02F2A6C0152B9F5400414EE4 /* GXObjectKVOObservation_Private.h */; settings = {ATTRIBUTES = (Private, ); }; };
		02F2A6C8152B9F5E00414EE4 /* GXObjectKVOObservation.m in Sources */ = {isa = PBXBuildFile; fileRef = 02F2A6BD152B9F2B00414EE4 /* GXObjectKVOObservation.m */; };
		02F2A6CB152B9F8000414EE4 /* GXBlockKVOObservation.h in Headers */ = {isa = PBXBuildFile; fileRef = 02F2A6C9152B9F8000414EE4 /* GXBlockKVOObservation.h */; settings = {ATTRIBUTES = (Private, ); }; };
		02F2A6CC152B9F8000414EE4 /* GXBlockKVOObservation.h in Headers */ = {isa = PBXBuildFile; fileRef = 02F2A6C9152B9F8000414EE4 /* GXBlockKVOObservation.h */; settings = {ATTRIBUTES = (Private, ); }; };
		02F2A6CD152B9F8000414EE4 /* GXBlockKVOObservation.m in Sources */ = {isa = PBXBuildFile; fileRef = 02F2A6CA152B9F8000414EE4 /* GXBlockKVOObservation.m */; };
		02F2A6CE152B9F8000414EE4 /* GXBlockKVOObservation.m in Sources */ = {isa = PBXBuildFile; fileRef = 02F2A6CA152B9F8000414EE4 /* GXBlockKVOObservation.m */; };
		02F2A6D0152B9FAB00414EE4 /* GXBlockKVOObservation_Private.h in Headers */ = {isa = PBXBuildFile; fileRef = 02F2A6CF152B9FAB00414EE4 /* GXBlockKVOObservation_Private.h */; settings = {ATTRIBUTES = (Private, ); }; };
		02F2A6D1152B9FAB00414EE4 /* GXBlockKVOObservation_Private.h in Headers */ = {isa = PBXBuildFile; fileRef = 02F2A6CF152B9FAB00414EE4 /* GXBlockKVOObservation_Private.h */; settings = {ATTRIBUTES = (Private, ); }; };
		02FC3D6A15DEB25800FD60E5 /* GXTime.h in Headers */ = {isa = PBXBuildFile; fileRef = 02FC3D6815DEB25800FD60E5 /* GXTime.h */; settings = {ATTRIBUTES = (Public, ); }; };
		02FC3D6B15DEB25800FD60E5 /* GXTime.h in Headers */ = {isa = PBXBuildFile; fileRef = 02FC3D6815DEB25800FD60E5 /* GXTime.h */; settings = {ATTRIBUTES = (Public, ); }; };
		02FC3D6C15DEB25800FD60E5 /* GXTime.m in Sources */ = {isa = PBXBuildFile; fileRef = 02FC3D6915DEB25800FD60E5 /* GXTime.m */; };
		02FC3D6D15DEB25800FD60E5 /* GXTime.m in Sources */ = {isa = PBXBuildFile; fileRef = 02FC3D6915DEB25800FD60E5 /* GXTime.m */; };
		EA091A1A150A92870033C7DF /* InfoPlist.strings in Resources */ = {isa = PBXBuildFile; fileRef = EA091A18150A92870033C7DF /* InfoPlist.strings */; };
		EA091A1E150A92870033C7DF /* Graviton.m in Sources */ = {isa = PBXBuildFile; fileRef = EA091A1D150A92870033C7DF /* Graviton.m */; };
		EA091A25150A92CA0033C7DF /* GravitonDefines.h in Headers */ = {isa = PBXBuildFile; fileRef = EA091A24150A92CA0033C7DF /* GravitonDefines.h */; settings = {ATTRIBUTES = (Public, ); }; };
		EA091A26150A92CE0033C7DF /* Graviton.h in Headers */ = {isa = PBXBuildFile; fileRef = EA091A1C150A92870033C7DF /* Graviton.h */; settings = {ATTRIBUTES = (Public, ); }; };
		EA091A27150A93180033C7DF /* Foundation.framework in Frameworks */ = {isa = PBXBuildFile; fileRef = EA091A14150A92870033C7DF /* Foundation.framework */; };
		EA091A2B150A93530033C7DF /* GXFileOperationQueue.h in Headers */ = {isa = PBXBuildFile; fileRef = EA091A29150A93530033C7DF /* GXFileOperationQueue.h */; settings = {ATTRIBUTES = (Public, ); }; };
		EA091A2C150A93530033C7DF /* GXFileOperationQueue.m in Sources */ = {isa = PBXBuildFile; fileRef = EA091A2A150A93530033C7DF /* GXFileOperationQueue.m */; };
		EA091A2E150A935E0033C7DF /* GXFileOperationQueue_Private.h in Headers */ = {isa = PBXBuildFile; fileRef = EA091A2D150A935E0033C7DF /* GXFileOperationQueue_Private.h */; settings = {ATTRIBUTES = (Private, ); }; };
		EA4424E015193D7F00EA1C1B /* NSObject+GravitonAdditions.h in Headers */ = {isa = PBXBuildFile; fileRef = EA4424DE15193D7F00EA1C1B /* NSObject+GravitonAdditions.h */; settings = {ATTRIBUTES = (Public, ); }; };
		EA4424E115193D7F00EA1C1B /* NSObject+GravitonAdditions.m in Sources */ = {isa = PBXBuildFile; fileRef = EA4424DF15193D7F00EA1C1B /* NSObject+GravitonAdditions.m */; };
		EA4FFE0715D8C4FB00032AE1 /* CoreData.framework in Frameworks */ = {isa = PBXBuildFile; fileRef = EA4FFE0615D8C4FB00032AE1 /* CoreData.framework */; };
		EA4FFE0915D96E4900032AE1 /* AppKit.framework in Frameworks */ = {isa = PBXBuildFile; fileRef = EA4FFE0815D96E4900032AE1 /* AppKit.framework */; };
		EA55FA40151D35A80088F053 /* Foundation.framework in Frameworks */ = {isa = PBXBuildFile; fileRef = EA091A14150A92870033C7DF /* Foundation.framework */; };
		EA55FA4B151D35B30088F053 /* Graviton.h in Headers */ = {isa = PBXBuildFile; fileRef = EA091A1C150A92870033C7DF /* Graviton.h */; settings = {ATTRIBUTES = (Public, ); }; };
		EA55FA4C151D35B70088F053 /* GravitonDefines.h in Headers */ = {isa = PBXBuildFile; fileRef = EA091A24150A92CA0033C7DF /* GravitonDefines.h */; settings = {ATTRIBUTES = (Public, ); }; };
		EA55FA4D151D35C80088F053 /* GXFileOperationQueue.h in Headers */ = {isa = PBXBuildFile; fileRef = EA091A29150A93530033C7DF /* GXFileOperationQueue.h */; settings = {ATTRIBUTES = (Public, ); }; };
		EA55FA4E151D35C80088F053 /* NSObject+GravitonAdditions.h in Headers */ = {isa = PBXBuildFile; fileRef = EA4424DE15193D7F00EA1C1B /* NSObject+GravitonAdditions.h */; settings = {ATTRIBUTES = (Public, ); }; };
		EA55FA4F151D35CE0088F053 /* GXFileOperationQueue_Private.h in Headers */ = {isa = PBXBuildFile; fileRef = EA091A2D150A935E0033C7DF /* GXFileOperationQueue_Private.h */; settings = {ATTRIBUTES = (Private, ); }; };
		EA6A1D45153CC87B00D08BB5 /* GXSystemVersion.m in Sources */ = {isa = PBXBuildFile; fileRef = EA6A1D43153CC87B00D08BB5 /* GXSystemVersion.m */; };
		EA6A1D46153CC87B00D08BB5 /* GXSystemVersion.h in Headers */ = {isa = PBXBuildFile; fileRef = EA6A1D44153CC87B00D08BB5 /* GXSystemVersion.h */; settings = {ATTRIBUTES = (Public, ); }; };
		EA94B8DC15F54C02004503B1 /* GXDebug.h in Headers */ = {isa = PBXBuildFile; fileRef = EA94B8DA15F54C02004503B1 /* GXDebug.h */; settings = {ATTRIBUTES = (Public, ); }; };
		EA94B8DD15F54C02004503B1 /* GXDebug.h in Headers */ = {isa = PBXBuildFile; fileRef = EA94B8DA15F54C02004503B1 /* GXDebug.h */; settings = {ATTRIBUTES = (Public, ); }; };
		EA94B8DE15F54C02004503B1 /* GXDebug.m in Sources */ = {isa = PBXBuildFile; fileRef = EA94B8DB15F54C02004503B1 /* GXDebug.m */; };
		EA94B8DF15F54C02004503B1 /* GXDebug.m in Sources */ = {isa = PBXBuildFile; fileRef = EA94B8DB15F54C02004503B1 /* GXDebug.m */; };
/* End PBXBuildFile section */

/* Begin PBXFileReference section */
		024C647715F950CD0064D8DF /* GXSemaphore.h */ = {isa = PBXFileReference; fileEncoding = 4; lastKnownFileType = sourcecode.c.h; path = GXSemaphore.h; sourceTree = "<group>"; };
		024C647815F950CD0064D8DF /* GXSemaphore.m */ = {isa = PBXFileReference; fileEncoding = 4; lastKnownFileType = sourcecode.c.objc; path = GXSemaphore.m; sourceTree = "<group>"; };
		02F2A6B4152B99B700414EE4 /* GXKVONotificationCenter.h */ = {isa = PBXFileReference; fileEncoding = 4; lastKnownFileType = sourcecode.c.h; path = GXKVONotificationCenter.h; sourceTree = "<group>"; };
		02F2A6B5152B99B700414EE4 /* GXKVONotificationCenter.m */ = {isa = PBXFileReference; fileEncoding = 4; lastKnownFileType = sourcecode.c.objc; path = GXKVONotificationCenter.m; sourceTree = "<group>"; };
		02F2A6B8152B9E5F00414EE4 /* GXKVOObservation.h */ = {isa = PBXFileReference; fileEncoding = 4; lastKnownFileType = sourcecode.c.h; path = GXKVOObservation.h; sourceTree = "<group>"; };
		02F2A6B9152B9E5F00414EE4 /* GXKVOObservation.m */ = {isa = PBXFileReference; fileEncoding = 4; lastKnownFileType = sourcecode.c.objc; path = GXKVOObservation.m; sourceTree = "<group>"; };
		02F2A6BC152B9F2A00414EE4 /* GXObjectKVOObservation.h */ = {isa = PBXFileReference; fileEncoding = 4; lastKnownFileType = sourcecode.c.h; path = GXObjectKVOObservation.h; sourceTree = "<group>"; };
		02F2A6BD152B9F2B00414EE4 /* GXObjectKVOObservation.m */ = {isa = PBXFileReference; fileEncoding = 4; lastKnownFileType = sourcecode.c.objc; path = GXObjectKVOObservation.m; sourceTree = "<group>"; };
		02F2A6C0152B9F5400414EE4 /* GXObjectKVOObservation_Private.h */ = {isa = PBXFileReference; fileEncoding = 4; lastKnownFileType = sourcecode.c.h; path = GXObjectKVOObservation_Private.h; sourceTree = "<group>"; };
		02F2A6C9152B9F8000414EE4 /* GXBlockKVOObservation.h */ = {isa = PBXFileReference; fileEncoding = 4; lastKnownFileType = sourcecode.c.h; path = GXBlockKVOObservation.h; sourceTree = "<group>"; };
		02F2A6CA152B9F8000414EE4 /* GXBlockKVOObservation.m */ = {isa = PBXFileReference; fileEncoding = 4; lastKnownFileType = sourcecode.c.objc; path = GXBlockKVOObservation.m; sourceTree = "<group>"; };
		02F2A6CF152B9FAB00414EE4 /* GXBlockKVOObservation_Private.h */ = {isa = PBXFileReference; fileEncoding = 4; lastKnownFileType = sourcecode.c.h; path = GXBlockKVOObservation_Private.h; sourceTree = "<group>"; };
		02FC3D6815DEB25800FD60E5 /* GXTime.h */ = {isa = PBXFileReference; fileEncoding = 4; lastKnownFileType = sourcecode.c.h; path = GXTime.h; sourceTree = "<group>"; };
		02FC3D6915DEB25800FD60E5 /* GXTime.m */ = {isa = PBXFileReference; fileEncoding = 4; lastKnownFileType = sourcecode.c.objc; path = GXTime.m; sourceTree = "<group>"; };
		EA091A0C150A92870033C7DF /* Graviton.framework */ = {isa = PBXFileReference; explicitFileType = wrapper.framework; includeInIndex = 0; path = Graviton.framework; sourceTree = BUILT_PRODUCTS_DIR; };
		EA091A14150A92870033C7DF /* Foundation.framework */ = {isa = PBXFileReference; lastKnownFileType = wrapper.framework; name = Foundation.framework; path = System/Library/Frameworks/Foundation.framework; sourceTree = SDKROOT; };
		EA091A17150A92870033C7DF /* Graviton-Info.plist */ = {isa = PBXFileReference; lastKnownFileType = text.plist.xml; path = "Graviton-Info.plist"; sourceTree = "<group>"; };
		EA091A19150A92870033C7DF /* en */ = {isa = PBXFileReference; lastKnownFileType = text.plist.strings; name = en; path = en.lproj/InfoPlist.strings; sourceTree = "<group>"; };
		EA091A1B150A92870033C7DF /* Graviton-Prefix.pch */ = {isa = PBXFileReference; lastKnownFileType = sourcecode.c.h; path = "Graviton-Prefix.pch"; sourceTree = "<group>"; };
		EA091A1C150A92870033C7DF /* Graviton.h */ = {isa = PBXFileReference; lastKnownFileType = sourcecode.c.h; path = Graviton.h; sourceTree = "<group>"; };
		EA091A1D150A92870033C7DF /* Graviton.m */ = {isa = PBXFileReference; lastKnownFileType = sourcecode.c.objc; path = Graviton.m; sourceTree = "<group>"; };
		EA091A24150A92CA0033C7DF /* GravitonDefines.h */ = {isa = PBXFileReference; fileEncoding = 4; lastKnownFileType = sourcecode.c.h; path = GravitonDefines.h; sourceTree = "<group>"; };
		EA091A29150A93530033C7DF /* GXFileOperationQueue.h */ = {isa = PBXFileReference; fileEncoding = 4; lastKnownFileType = sourcecode.c.h; path = GXFileOperationQueue.h; sourceTree = "<group>"; };
		EA091A2A150A93530033C7DF /* GXFileOperationQueue.m */ = {isa = PBXFileReference; fileEncoding = 4; lastKnownFileType = sourcecode.c.objc; path = GXFileOperationQueue.m; sourceTree = "<group>"; };
		EA091A2D150A935E0033C7DF /* GXFileOperationQueue_Private.h */ = {isa = PBXFileReference; fileEncoding = 4; lastKnownFileType = sourcecode.c.h; path = GXFileOperationQueue_Private.h; sourceTree = "<group>"; };
		EA4424DE15193D7F00EA1C1B /* NSObject+GravitonAdditions.h */ = {isa = PBXFileReference; fileEncoding = 4; lastKnownFileType = sourcecode.c.h; path = "NSObject+GravitonAdditions.h"; sourceTree = "<group>"; };
		EA4424DF15193D7F00EA1C1B /* NSObject+GravitonAdditions.m */ = {isa = PBXFileReference; fileEncoding = 4; lastKnownFileType = sourcecode.c.objc; path = "NSObject+GravitonAdditions.m"; sourceTree = "<group>"; };
		EA4FFE0615D8C4FB00032AE1 /* CoreData.framework */ = {isa = PBXFileReference; lastKnownFileType = wrapper.framework; name = CoreData.framework; path = System/Library/Frameworks/CoreData.framework; sourceTree = SDKROOT; };
		EA4FFE0815D96E4900032AE1 /* AppKit.framework */ = {isa = PBXFileReference; lastKnownFileType = wrapper.framework; name = AppKit.framework; path = System/Library/Frameworks/AppKit.framework; sourceTree = SDKROOT; };
		EA55FA3F151D35A70088F053 /* libGraviton.a */ = {isa = PBXFileReference; explicitFileType = archive.ar; includeInIndex = 0; path = libGraviton.a; sourceTree = BUILT_PRODUCTS_DIR; };
		EA55FA43151D35A80088F053 /* libGraviton-Prefix.pch */ = {isa = PBXFileReference; lastKnownFileType = sourcecode.c.h; path = "libGraviton-Prefix.pch"; sourceTree = "<group>"; };
		EA6A1D43153CC87B00D08BB5 /* GXSystemVersion.m */ = {isa = PBXFileReference; fileEncoding = 4; lastKnownFileType = sourcecode.c.objc; path = GXSystemVersion.m; sourceTree = "<group>"; usesTabs = 0; };
		EA6A1D44153CC87B00D08BB5 /* GXSystemVersion.h */ = {isa = PBXFileReference; fileEncoding = 4; lastKnownFileType = sourcecode.c.h; path = GXSystemVersion.h; sourceTree = "<group>"; };
		EA94B8DA15F54C02004503B1 /* GXDebug.h */ = {isa = PBXFileReference; fileEncoding = 4; lastKnownFileType = sourcecode.c.h; path = GXDebug.h; sourceTree = "<group>"; };
		EA94B8DB15F54C02004503B1 /* GXDebug.m */ = {isa = PBXFileReference; fileEncoding = 4; lastKnownFileType = sourcecode.c.objc; path = GXDebug.m; sourceTree = "<group>"; };
/* End PBXFileReference section */

/* Begin PBXFrameworksBuildPhase section */
		EA091A08150A92870033C7DF /* Frameworks */ = {
			isa = PBXFrameworksBuildPhase;
			buildActionMask = 2147483647;
			files = (
				EA091A27150A93180033C7DF /* Foundation.framework in Frameworks */,
				EA4FFE0715D8C4FB00032AE1 /* CoreData.framework in Frameworks */,
				EA4FFE0915D96E4900032AE1 /* AppKit.framework in Frameworks */,
			);
			runOnlyForDeploymentPostprocessing = 0;
		};
		EA55FA3C151D35A70088F053 /* Frameworks */ = {
			isa = PBXFrameworksBuildPhase;
			buildActionMask = 2147483647;
			files = (
				EA55FA40151D35A80088F053 /* Foundation.framework in Frameworks */,
			);
			runOnlyForDeploymentPostprocessing = 0;
		};
/* End PBXFrameworksBuildPhase section */

/* Begin PBXGroup section */
		02F2A6B2152B99A000414EE4 /* Notifications */ = {
			isa = PBXGroup;
			children = (
				02F2A6B4152B99B700414EE4 /* GXKVONotificationCenter.h */,
				02F2A6B5152B99B700414EE4 /* GXKVONotificationCenter.m */,
				02F2A6B8152B9E5F00414EE4 /* GXKVOObservation.h */,
				02F2A6B9152B9E5F00414EE4 /* GXKVOObservation.m */,
				02F2A6BC152B9F2A00414EE4 /* GXObjectKVOObservation.h */,
				02F2A6C0152B9F5400414EE4 /* GXObjectKVOObservation_Private.h */,
				02F2A6BD152B9F2B00414EE4 /* GXObjectKVOObservation.m */,
				02F2A6C9152B9F8000414EE4 /* GXBlockKVOObservation.h */,
				02F2A6CF152B9FAB00414EE4 /* GXBlockKVOObservation_Private.h */,
				02F2A6CA152B9F8000414EE4 /* GXBlockKVOObservation.m */,
			);
			path = Notifications;
			sourceTree = "<group>";
		};
		EA091A00150A92860033C7DF = {
			isa = PBXGroup;
			children = (
				EA091A15150A92870033C7DF /* Graviton */,
				EA55FA41151D35A80088F053 /* libGraviton */,
				EA091A0E150A92870033C7DF /* Frameworks */,
				EA091A0D150A92870033C7DF /* Products */,
			);
			sourceTree = "<group>";
			usesTabs = 0;
		};
		EA091A0D150A92870033C7DF /* Products */ = {
			isa = PBXGroup;
			children = (
				EA091A0C150A92870033C7DF /* Graviton.framework */,
				EA55FA3F151D35A70088F053 /* libGraviton.a */,
			);
			name = Products;
			sourceTree = "<group>";
		};
		EA091A0E150A92870033C7DF /* Frameworks */ = {
			isa = PBXGroup;
			children = (
				EA091A14150A92870033C7DF /* Foundation.framework */,
				EA4FFE0615D8C4FB00032AE1 /* CoreData.framework */,
				EA4FFE0815D96E4900032AE1 /* AppKit.framework */,
			);
			name = Frameworks;
			sourceTree = "<group>";
		};
		EA091A15150A92870033C7DF /* Graviton */ = {
			isa = PBXGroup;
			children = (
				EA091A1C150A92870033C7DF /* Graviton.h */,
				EA091A1D150A92870033C7DF /* Graviton.m */,
				EA091A24150A92CA0033C7DF /* GravitonDefines.h */,
				EA6A1D41153CC83D00D08BB5 /* System */,
				EA091A28150A933A0033C7DF /* Files */,
				02F2A6B2152B99A000414EE4 /* Notifications */,
				EA4FFDFF15D8C4D400032AE1 /* Objects */,
				EA94B8D815F54BD4004503B1 /* Logging */,
				EA4424DC15193D6D00EA1C1B /* Categories */,
				EA091A16150A92870033C7DF /* Supporting Files */,
			);
			path = Graviton;
			sourceTree = "<group>";
		};
		EA091A16150A92870033C7DF /* Supporting Files */ = {
			isa = PBXGroup;
			children = (
				EA091A17150A92870033C7DF /* Graviton-Info.plist */,
				EA091A18150A92870033C7DF /* InfoPlist.strings */,
				EA091A1B150A92870033C7DF /* Graviton-Prefix.pch */,
			);
			name = "Supporting Files";
			sourceTree = "<group>";
		};
		EA091A28150A933A0033C7DF /* Files */ = {
			isa = PBXGroup;
			children = (
				EA091A29150A93530033C7DF /* GXFileOperationQueue.h */,
				EA091A2D150A935E0033C7DF /* GXFileOperationQueue_Private.h */,
				EA091A2A150A93530033C7DF /* GXFileOperationQueue.m */,
			);
			path = Files;
			sourceTree = "<group>";
		};
		EA4424DC15193D6D00EA1C1B /* Categories */ = {
			isa = PBXGroup;
			children = (
				EA4424DE15193D7F00EA1C1B /* NSObject+GravitonAdditions.h */,
				EA4424DF15193D7F00EA1C1B /* NSObject+GravitonAdditions.m */,
			);
			path = Categories;
			sourceTree = "<group>";
		};
		EA4FFDFF15D8C4D400032AE1 /* Objects */ = {
			isa = PBXGroup;
			children = (
				024C647715F950CD0064D8DF /* GXSemaphore.h */,
				024C647815F950CD0064D8DF /* GXSemaphore.m */,
				02FC3D6815DEB25800FD60E5 /* GXTime.h */,
				02FC3D6915DEB25800FD60E5 /* GXTime.m */,
			);
			path = Objects;
			sourceTree = "<group>";
		};
		EA55FA41151D35A80088F053 /* libGraviton */ = {
			isa = PBXGroup;
			children = (
				EA55FA42151D35A80088F053 /* Supporting Files */,
			);
			path = libGraviton;
			sourceTree = "<group>";
		};
		EA55FA42151D35A80088F053 /* Supporting Files */ = {
			isa = PBXGroup;
			children = (
				EA55FA43151D35A80088F053 /* libGraviton-Prefix.pch */,
			);
			name = "Supporting Files";
			sourceTree = "<group>";
		};
		EA6A1D41153CC83D00D08BB5 /* System */ = {
			isa = PBXGroup;
			children = (
				EA6A1D44153CC87B00D08BB5 /* GXSystemVersion.h */,
				EA6A1D43153CC87B00D08BB5 /* GXSystemVersion.m */,
			);
			path = System;
			sourceTree = "<group>";
		};
		EA94B8D815F54BD4004503B1 /* Logging */ = {
			isa = PBXGroup;
			children = (
				EA94B8DA15F54C02004503B1 /* GXDebug.h */,
				EA94B8DB15F54C02004503B1 /* GXDebug.m */,
			);
			path = Logging;
			sourceTree = "<group>";
		};
/* End PBXGroup section */

/* Begin PBXHeadersBuildPhase section */
		EA091A09150A92870033C7DF /* Headers */ = {
			isa = PBXHeadersBuildPhase;
			buildActionMask = 2147483647;
			files = (
				EA091A25150A92CA0033C7DF /* GravitonDefines.h in Headers */,
				EA091A26150A92CE0033C7DF /* Graviton.h in Headers */,
				EA091A2B150A93530033C7DF /* GXFileOperationQueue.h in Headers */,
				EA091A2E150A935E0033C7DF /* GXFileOperationQueue_Private.h in Headers */,
				EA4424E015193D7F00EA1C1B /* NSObject+GravitonAdditions.h in Headers */,
				02F2A6B6152B99B700414EE4 /* GXKVONotificationCenter.h in Headers */,
				02F2A6BA152B9E6000414EE4 /* GXKVOObservation.h in Headers */,
				02F2A6BE152B9F2B00414EE4 /* GXObjectKVOObservation.h in Headers */,
				02F2A6C1152B9F5400414EE4 /* GXObjectKVOObservation_Private.h in Headers */,
				02F2A6CB152B9F8000414EE4 /* GXBlockKVOObservation.h in Headers */,
				02F2A6D0152B9FAB00414EE4 /* GXBlockKVOObservation_Private.h in Headers */,
				EA6A1D46153CC87B00D08BB5 /* GXSystemVersion.h in Headers */,
				02FC3D6A15DEB25800FD60E5 /* GXTime.h in Headers */,
				EA94B8DC15F54C02004503B1 /* GXDebug.h in Headers */,
				024C647915F950CD0064D8DF /* GXSemaphore.h in Headers */,
			);
			runOnlyForDeploymentPostprocessing = 0;
		};
		EA55FA3D151D35A70088F053 /* Headers */ = {
			isa = PBXHeadersBuildPhase;
			buildActionMask = 2147483647;
			files = (
				EA55FA4B151D35B30088F053 /* Graviton.h in Headers */,
				EA55FA4C151D35B70088F053 /* GravitonDefines.h in Headers */,
				EA55FA4D151D35C80088F053 /* GXFileOperationQueue.h in Headers */,
				EA55FA4E151D35C80088F053 /* NSObject+GravitonAdditions.h in Headers */,
				EA55FA4F151D35CE0088F053 /* GXFileOperationQueue_Private.h in Headers */,
				02F2A6C2152B9F5E00414EE4 /* GXKVONotificationCenter.h in Headers */,
				02F2A6C4152B9F5E00414EE4 /* GXKVOObservation.h in Headers */,
				02F2A6C6152B9F5E00414EE4 /* GXObjectKVOObservation.h in Headers */,
				02F2A6C7152B9F5E00414EE4 /* GXObjectKVOObservation_Private.h in Headers */,
				02F2A6CC152B9F8000414EE4 /* GXBlockKVOObservation.h in Headers */,
				02F2A6D1152B9FAB00414EE4 /* GXBlockKVOObservation_Private.h in Headers */,
				02FC3D6B15DEB25800FD60E5 /* GXTime.h in Headers */,
				EA94B8DD15F54C02004503B1 /* GXDebug.h in Headers */,
				024C647A15F950CD0064D8DF /* GXSemaphore.h in Headers */,
			);
			runOnlyForDeploymentPostprocessing = 0;
		};
/* End PBXHeadersBuildPhase section */

/* Begin PBXNativeTarget section */
		EA091A0B150A92870033C7DF /* Graviton */ = {
			isa = PBXNativeTarget;
			buildConfigurationList = EA091A21150A92870033C7DF /* Build configuration list for PBXNativeTarget "Graviton" */;
			buildPhases = (
				EA091A07150A92870033C7DF /* Sources */,
				EA091A08150A92870033C7DF /* Frameworks */,
				EA091A09150A92870033C7DF /* Headers */,
				EA091A0A150A92870033C7DF /* Resources */,
			);
			buildRules = (
			);
			dependencies = (
			);
			name = Graviton;
			productName = Graviton;
			productReference = EA091A0C150A92870033C7DF /* Graviton.framework */;
			productType = "com.apple.product-type.framework";
		};
		EA55FA3E151D35A70088F053 /* libGraviton */ = {
			isa = PBXNativeTarget;
			buildConfigurationList = EA55FA49151D35A80088F053 /* Build configuration list for PBXNativeTarget "libGraviton" */;
			buildPhases = (
				EA55FA3B151D35A70088F053 /* Sources */,
				EA55FA3C151D35A70088F053 /* Frameworks */,
				EA55FA3D151D35A70088F053 /* Headers */,
			);
			buildRules = (
			);
			dependencies = (
			);
			name = libGraviton;
			productName = libGraviton;
			productReference = EA55FA3F151D35A70088F053 /* libGraviton.a */;
			productType = "com.apple.product-type.library.static";
		};
/* End PBXNativeTarget section */

/* Begin PBXProject section */
		EA091A02150A92860033C7DF /* Project object */ = {
			isa = PBXProject;
			attributes = {
				CLASSPREFIX = GX;
				LastUpgradeCheck = 0450;
				ORGANIZATIONNAME = "Sunflower Softworks";
			};
			buildConfigurationList = EA091A05150A92860033C7DF /* Build configuration list for PBXProject "Graviton" */;
			compatibilityVersion = "Xcode 3.2";
			developmentRegion = English;
			hasScannedForEncodings = 0;
			knownRegions = (
				en,
			);
			mainGroup = EA091A00150A92860033C7DF;
			productRefGroup = EA091A0D150A92870033C7DF /* Products */;
			projectDirPath = "";
			projectRoot = "";
			targets = (
				EA091A0B150A92870033C7DF /* Graviton */,
				EA55FA3E151D35A70088F053 /* libGraviton */,
			);
		};
/* End PBXProject section */

/* Begin PBXResourcesBuildPhase section */
		EA091A0A150A92870033C7DF /* Resources */ = {
			isa = PBXResourcesBuildPhase;
			buildActionMask = 2147483647;
			files = (
				EA091A1A150A92870033C7DF /* InfoPlist.strings in Resources */,
			);
			runOnlyForDeploymentPostprocessing = 0;
		};
/* End PBXResourcesBuildPhase section */

/* Begin PBXSourcesBuildPhase section */
		EA091A07150A92870033C7DF /* Sources */ = {
			isa = PBXSourcesBuildPhase;
			buildActionMask = 2147483647;
			files = (
				EA091A1E150A92870033C7DF /* Graviton.m in Sources */,
				EA091A2C150A93530033C7DF /* GXFileOperationQueue.m in Sources */,
				EA4424E115193D7F00EA1C1B /* NSObject+GravitonAdditions.m in Sources */,
				02F2A6B7152B99B700414EE4 /* GXKVONotificationCenter.m in Sources */,
				02F2A6BB152B9E6000414EE4 /* GXKVOObservation.m in Sources */,
				02F2A6BF152B9F2B00414EE4 /* GXObjectKVOObservation.m in Sources */,
				02F2A6CD152B9F8000414EE4 /* GXBlockKVOObservation.m in Sources */,
				EA6A1D45153CC87B00D08BB5 /* GXSystemVersion.m in Sources */,
				02FC3D6C15DEB25800FD60E5 /* GXTime.m in Sources */,
				EA94B8DE15F54C02004503B1 /* GXDebug.m in Sources */,
				024C647B15F950CD0064D8DF /* GXSemaphore.m in Sources */,
			);
			runOnlyForDeploymentPostprocessing = 0;
		};
		EA55FA3B151D35A70088F053 /* Sources */ = {
			isa = PBXSourcesBuildPhase;
			buildActionMask = 2147483647;
			files = (
				02F2A6C3152B9F5E00414EE4 /* GXKVONotificationCenter.m in Sources */,
				02F2A6C5152B9F5E00414EE4 /* GXKVOObservation.m in Sources */,
				02F2A6C8152B9F5E00414EE4 /* GXObjectKVOObservation.m in Sources */,
				02F2A6CE152B9F8000414EE4 /* GXBlockKVOObservation.m in Sources */,
				02FC3D6D15DEB25800FD60E5 /* GXTime.m in Sources */,
				EA94B8DF15F54C02004503B1 /* GXDebug.m in Sources */,
				024C647C15F950CD0064D8DF /* GXSemaphore.m in Sources */,
			);
			runOnlyForDeploymentPostprocessing = 0;
		};
/* End PBXSourcesBuildPhase section */

/* Begin PBXVariantGroup section */
		EA091A18150A92870033C7DF /* InfoPlist.strings */ = {
			isa = PBXVariantGroup;
			children = (
				EA091A19150A92870033C7DF /* en */,
			);
			name = InfoPlist.strings;
			sourceTree = "<group>";
		};
/* End PBXVariantGroup section */

/* Begin XCBuildConfiguration section */
		EA091A1F150A92870033C7DF /* Debug */ = {
			isa = XCBuildConfiguration;
			buildSettings = {
				ALWAYS_SEARCH_USER_PATHS = NO;
				ARCHS = "$(ARCHS_STANDARD_64_BIT)";
				CLANG_CXX_LANGUAGE_STANDARD = "gnu++0x";
				CLANG_ENABLE_OBJC_ARC = YES;
				COPY_PHASE_STRIP = NO;
				GCC_C_LANGUAGE_STANDARD = gnu99;
				GCC_DYNAMIC_NO_PIC = NO;
				GCC_ENABLE_OBJC_EXCEPTIONS = YES;
				GCC_OPTIMIZATION_LEVEL = 0;
				GCC_PREPROCESSOR_DEFINITIONS = (
					"DEBUG=1",
					"$(inherited)",
				);
				GCC_SYMBOLS_PRIVATE_EXTERN = NO;
				GCC_VERSION = com.apple.compilers.llvm.clang.1_0;
				GCC_WARN_64_TO_32_BIT_CONVERSION = YES;
				GCC_WARN_ABOUT_RETURN_TYPE = YES;
				GCC_WARN_UNINITIALIZED_AUTOS = YES;
				GCC_WARN_UNUSED_VARIABLE = YES;
				MACOSX_DEPLOYMENT_TARGET = 10.7;
				ONLY_ACTIVE_ARCH = YES;
				SDKROOT = macosx;
			};
			name = Debug;
		};
		EA091A20150A92870033C7DF /* Release */ = {
			isa = XCBuildConfiguration;
			buildSettings = {
				ALWAYS_SEARCH_USER_PATHS = NO;
				ARCHS = "$(ARCHS_STANDARD_64_BIT)";
				CLANG_CXX_LANGUAGE_STANDARD = "gnu++0x";
				CLANG_ENABLE_OBJC_ARC = YES;
				COPY_PHASE_STRIP = YES;
				DEBUG_INFORMATION_FORMAT = "dwarf-with-dsym";
				GCC_C_LANGUAGE_STANDARD = gnu99;
				GCC_ENABLE_OBJC_EXCEPTIONS = YES;
				GCC_VERSION = com.apple.compilers.llvm.clang.1_0;
				GCC_WARN_64_TO_32_BIT_CONVERSION = YES;
				GCC_WARN_ABOUT_RETURN_TYPE = YES;
				GCC_WARN_UNINITIALIZED_AUTOS = YES;
				GCC_WARN_UNUSED_VARIABLE = YES;
				MACOSX_DEPLOYMENT_TARGET = 10.7;
				SDKROOT = macosx;
			};
			name = Release;
		};
		EA091A22150A92870033C7DF /* Debug */ = {
			isa = XCBuildConfiguration;
			buildSettings = {
				COMBINE_HIDPI_IMAGES = YES;
				DYLIB_COMPATIBILITY_VERSION = 1;
				DYLIB_CURRENT_VERSION = 1;
				FRAMEWORK_VERSION = A;
				GCC_PRECOMPILE_PREFIX_HEADER = YES;
				GCC_PREFIX_HEADER = "Graviton/Graviton-Prefix.pch";
				INFOPLIST_FILE = "Graviton/Graviton-Info.plist";
				INSTALL_PATH = "@rpath";
				PRODUCT_NAME = "$(TARGET_NAME)";
				WRAPPER_EXTENSION = framework;
			};
			name = Debug;
		};
		EA091A23150A92870033C7DF /* Release */ = {
			isa = XCBuildConfiguration;
			buildSettings = {
				COMBINE_HIDPI_IMAGES = YES;
				DYLIB_COMPATIBILITY_VERSION = 1;
				DYLIB_CURRENT_VERSION = 1;
				FRAMEWORK_VERSION = A;
				GCC_PRECOMPILE_PREFIX_HEADER = YES;
				GCC_PREFIX_HEADER = "Graviton/Graviton-Prefix.pch";
				INFOPLIST_FILE = "Graviton/Graviton-Info.plist";
				INSTALL_PATH = "@rpath";
				PRODUCT_NAME = "$(TARGET_NAME)";
				WRAPPER_EXTENSION = framework;
			};
			name = Release;
		};
		EA55FA47151D35A80088F053 /* Debug */ = {
			isa = XCBuildConfiguration;
			buildSettings = {
				ARCHS = "$(ARCHS_STANDARD_32_BIT)";
				DSTROOT = /tmp/libGraviton.dst;
				GCC_PRECOMPILE_PREFIX_HEADER = YES;
				GCC_PREFIX_HEADER = "libGraviton/libGraviton-Prefix.pch";
				IPHONEOS_DEPLOYMENT_TARGET = 5.0;
				OTHER_LDFLAGS = "-ObjC";
				PRODUCT_NAME = Graviton;
				SDKROOT = iphoneos;
				SKIP_INSTALL = YES;
			};
			name = Debug;
		};
		EA55FA48151D35A80088F053 /* Release */ = {
			isa = XCBuildConfiguration;
			buildSettings = {
				ARCHS = "$(ARCHS_STANDARD_32_BIT)";
				DSTROOT = /tmp/libGraviton.dst;
				GCC_PRECOMPILE_PREFIX_HEADER = YES;
				GCC_PREFIX_HEADER = "libGraviton/libGraviton-Prefix.pch";
				IPHONEOS_DEPLOYMENT_TARGET = 5.0;
				OTHER_LDFLAGS = "-ObjC";
				PRODUCT_NAME = Graviton;
				SDKROOT = iphoneos;
				SKIP_INSTALL = YES;
				VALIDATE_PRODUCT = YES;
			};
			name = Release;
		};
/* End XCBuildConfiguration section */

/* Begin XCConfigurationList section */
		EA091A05150A92860033C7DF /* Build configuration list for PBXProject "Graviton" */ = {
			isa = XCConfigurationList;
			buildConfigurations = (
				EA091A1F150A92870033C7DF /* Debug */,
				EA091A20150A92870033C7DF /* Release */,
			);
			defaultConfigurationIsVisible = 0;
			defaultConfigurationName = Release;
		};
		EA091A21150A92870033C7DF /* Build configuration list for PBXNativeTarget "Graviton" */ = {
			isa = XCConfigurationList;
			buildConfigurations = (
				EA091A22150A92870033C7DF /* Debug */,
				EA091A23150A92870033C7DF /* Release */,
			);
			defaultConfigurationIsVisible = 0;
			defaultConfigurationName = Release;
		};
		EA55FA49151D35A80088F053 /* Build configuration list for PBXNativeTarget "libGraviton" */ = {
			isa = XCConfigurationList;
			buildConfigurations = (
				EA55FA47151D35A80088F053 /* Debug */,
				EA55FA48151D35A80088F053 /* Release */,
			);
			defaultConfigurationIsVisible = 0;
			defaultConfigurationName = Release;
		};
/* End XCConfigurationList section */
	};
	rootObject = EA091A02150A92860033C7DF /* Project object */;
}
