// !$*UTF8*$!
{
	archiveVersion = 1;
	classes = {
	};
	objectVersion = 46;
	objects = {

/* Begin PBXBuildFile section */
		EA091A1A150A92870033C7DF /* InfoPlist.strings in Resources */ = {isa = PBXBuildFile; fileRef = EA091A18150A92870033C7DF /* InfoPlist.strings */; };
		EA091A1E150A92870033C7DF /* Graviton.m in Sources */ = {isa = PBXBuildFile; fileRef = EA091A1D150A92870033C7DF /* Graviton.m */; };
		EA091A25150A92CA0033C7DF /* GravitonDefines.h in Headers */ = {isa = PBXBuildFile; fileRef = EA091A24150A92CA0033C7DF /* GravitonDefines.h */; settings = {ATTRIBUTES = (Public, ); }; };
		EA091A26150A92CE0033C7DF /* Graviton.h in Headers */ = {isa = PBXBuildFile; fileRef = EA091A1C150A92870033C7DF /* Graviton.h */; settings = {ATTRIBUTES = (Public, ); }; };
		EA091A27150A93180033C7DF /* Foundation.framework in Frameworks */ = {isa = PBXBuildFile; fileRef = EA091A14150A92870033C7DF /* Foundation.framework */; };
		EA091A2B150A93530033C7DF /* GXFileOperationQueue.h in Headers */ = {isa = PBXBuildFile; fileRef = EA091A29150A93530033C7DF /* GXFileOperationQueue.h */; settings = {ATTRIBUTES = (Public, ); }; };
		EA091A2C150A93530033C7DF /* GXFileOperationQueue.m in Sources */ = {isa = PBXBuildFile; fileRef = EA091A2A150A93530033C7DF /* GXFileOperationQueue.m */; };
		EA091A2E150A935E0033C7DF /* GXFileOperationQueue_Private.h in Headers */ = {isa = PBXBuildFile; fileRef = EA091A2D150A935E0033C7DF /* GXFileOperationQueue_Private.h */; settings = {ATTRIBUTES = (Private, ); }; };
		EA4424E015193D7F00EA1C1B /* NSObject+GravitonAdditions.h in Headers */ = {isa = PBXBuildFile; fileRef = EA4424DE15193D7F00EA1C1B /* NSObject+GravitonAdditions.h */; settings = {ATTRIBUTES = (Public, ); }; };
		EA4424E115193D7F00EA1C1B /* NSObject+GravitonAdditions.m in Sources */ = {isa = PBXBuildFile; fileRef = EA4424DF15193D7F00EA1C1B /* NSObject+GravitonAdditions.m */; };
		EA55FA40151D35A80088F053 /* Foundation.framework in Frameworks */ = {isa = PBXBuildFile; fileRef = EA091A14150A92870033C7DF /* Foundation.framework */; };
		EA55FA4B151D35B30088F053 /* Graviton.h in Headers */ = {isa = PBXBuildFile; fileRef = EA091A1C150A92870033C7DF /* Graviton.h */; settings = {ATTRIBUTES = (Public, ); }; };
		EA55FA4C151D35B70088F053 /* GravitonDefines.h in Headers */ = {isa = PBXBuildFile; fileRef = EA091A24150A92CA0033C7DF /* GravitonDefines.h */; settings = {ATTRIBUTES = (Public, ); }; };
		EA55FA4D151D35C80088F053 /* GXFileOperationQueue.h in Headers */ = {isa = PBXBuildFile; fileRef = EA091A29150A93530033C7DF /* GXFileOperationQueue.h */; settings = {ATTRIBUTES = (Public, ); }; };
		EA55FA4E151D35C80088F053 /* NSObject+GravitonAdditions.h in Headers */ = {isa = PBXBuildFile; fileRef = EA4424DE15193D7F00EA1C1B /* NSObject+GravitonAdditions.h */; settings = {ATTRIBUTES = (Public, ); }; };
		EA55FA4F151D35CE0088F053 /* GXFileOperationQueue_Private.h in Headers */ = {isa = PBXBuildFile; fileRef = EA091A2D150A935E0033C7DF /* GXFileOperationQueue_Private.h */; settings = {ATTRIBUTES = (Private, ); }; };
		EAA12F56150C6FC900036E1F /* AppKit.framework in Frameworks */ = {isa = PBXBuildFile; fileRef = EAA12F55150C6FC900036E1F /* AppKit.framework */; };
/* End PBXBuildFile section */

/* Begin PBXFileReference section */
		EA091A0C150A92870033C7DF /* Graviton.framework */ = {isa = PBXFileReference; explicitFileType = wrapper.framework; includeInIndex = 0; path = Graviton.framework; sourceTree = BUILT_PRODUCTS_DIR; };
		EA091A14150A92870033C7DF /* Foundation.framework */ = {isa = PBXFileReference; lastKnownFileType = wrapper.framework; name = Foundation.framework; path = System/Library/Frameworks/Foundation.framework; sourceTree = SDKROOT; };
		EA091A17150A92870033C7DF /* Graviton-Info.plist */ = {isa = PBXFileReference; lastKnownFileType = text.plist.xml; path = "Graviton-Info.plist"; sourceTree = "<group>"; };
		EA091A19150A92870033C7DF /* en */ = {isa = PBXFileReference; lastKnownFileType = text.plist.strings; name = en; path = en.lproj/InfoPlist.strings; sourceTree = "<group>"; };
		EA091A1B150A92870033C7DF /* Graviton-Prefix.pch */ = {isa = PBXFileReference; lastKnownFileType = sourcecode.c.h; path = "Graviton-Prefix.pch"; sourceTree = "<group>"; };
		EA091A1C150A92870033C7DF /* Graviton.h */ = {isa = PBXFileReference; lastKnownFileType = sourcecode.c.h; path = Graviton.h; sourceTree = "<group>"; };
		EA091A1D150A92870033C7DF /* Graviton.m */ = {isa = PBXFileReference; lastKnownFileType = sourcecode.c.objc; path = Graviton.m; sourceTree = "<group>"; };
		EA091A24150A92CA0033C7DF /* GravitonDefines.h */ = {isa = PBXFileReference; fileEncoding = 4; lastKnownFileType = sourcecode.c.h; path = GravitonDefines.h; sourceTree = "<group>"; };
		EA091A29150A93530033C7DF /* GXFileOperationQueue.h */ = {isa = PBXFileReference; fileEncoding = 4; lastKnownFileType = sourcecode.c.h; path = GXFileOperationQueue.h; sourceTree = "<group>"; };
		EA091A2A150A93530033C7DF /* GXFileOperationQueue.m */ = {isa = PBXFileReference; fileEncoding = 4; lastKnownFileType = sourcecode.c.objc; path = GXFileOperationQueue.m; sourceTree = "<group>"; };
		EA091A2D150A935E0033C7DF /* GXFileOperationQueue_Private.h */ = {isa = PBXFileReference; fileEncoding = 4; lastKnownFileType = sourcecode.c.h; path = GXFileOperationQueue_Private.h; sourceTree = "<group>"; };
		EA4424DE15193D7F00EA1C1B /* NSObject+GravitonAdditions.h */ = {isa = PBXFileReference; fileEncoding = 4; lastKnownFileType = sourcecode.c.h; path = "NSObject+GravitonAdditions.h"; sourceTree = "<group>"; };
		EA4424DF15193D7F00EA1C1B /* NSObject+GravitonAdditions.m */ = {isa = PBXFileReference; fileEncoding = 4; lastKnownFileType = sourcecode.c.objc; path = "NSObject+GravitonAdditions.m"; sourceTree = "<group>"; };
		EA55FA3F151D35A70088F053 /* liblibGraviton.a */ = {isa = PBXFileReference; explicitFileType = archive.ar; includeInIndex = 0; path = liblibGraviton.a; sourceTree = BUILT_PRODUCTS_DIR; };
		EA55FA43151D35A80088F053 /* libGraviton-Prefix.pch */ = {isa = PBXFileReference; lastKnownFileType = sourcecode.c.h; path = "libGraviton-Prefix.pch"; sourceTree = "<group>"; };
		EAA12F55150C6FC900036E1F /* AppKit.framework */ = {isa = PBXFileReference; lastKnownFileType = wrapper.framework; name = AppKit.framework; path = System/Library/Frameworks/AppKit.framework; sourceTree = SDKROOT; };
/* End PBXFileReference section */

/* Begin PBXFrameworksBuildPhase section */
		EA091A08150A92870033C7DF /* Frameworks */ = {
			isa = PBXFrameworksBuildPhase;
			buildActionMask = 2147483647;
			files = (
				EA091A27150A93180033C7DF /* Foundation.framework in Frameworks */,
				EAA12F56150C6FC900036E1F /* AppKit.framework in Frameworks */,
			);
			runOnlyForDeploymentPostprocessing = 0;
		};
		EA55FA3C151D35A70088F053 /* Frameworks */ = {
			isa = PBXFrameworksBuildPhase;
			buildActionMask = 2147483647;
			files = (
				EA55FA40151D35A80088F053 /* Foundation.framework in Frameworks */,
			);
			runOnlyForDeploymentPostprocessing = 0;
		};
/* End PBXFrameworksBuildPhase section */

/* Begin PBXGroup section */
		EA091A00150A92860033C7DF = {
			isa = PBXGroup;
			children = (
				EA091A15150A92870033C7DF /* Graviton */,
				EA55FA41151D35A80088F053 /* libGraviton */,
				EA091A0E150A92870033C7DF /* Frameworks */,
				EA091A0D150A92870033C7DF /* Products */,
			);
			sourceTree = "<group>";
		};
		EA091A0D150A92870033C7DF /* Products */ = {
			isa = PBXGroup;
			children = (
				EA091A0C150A92870033C7DF /* Graviton.framework */,
				EA55FA3F151D35A70088F053 /* liblibGraviton.a */,
			);
			name = Products;
			sourceTree = "<group>";
		};
		EA091A0E150A92870033C7DF /* Frameworks */ = {
			isa = PBXGroup;
			children = (
				EA091A14150A92870033C7DF /* Foundation.framework */,
				EAA12F55150C6FC900036E1F /* AppKit.framework */,
			);
			name = Frameworks;
			sourceTree = "<group>";
		};
		EA091A15150A92870033C7DF /* Graviton */ = {
			isa = PBXGroup;
			children = (
				EA091A1C150A92870033C7DF /* Graviton.h */,
				EA091A1D150A92870033C7DF /* Graviton.m */,
				EA091A24150A92CA0033C7DF /* GravitonDefines.h */,
				EA091A28150A933A0033C7DF /* Files */,
				EA4424DC15193D6D00EA1C1B /* Categories */,
				EA091A16150A92870033C7DF /* Supporting Files */,
			);
			path = Graviton;
			sourceTree = "<group>";
		};
		EA091A16150A92870033C7DF /* Supporting Files */ = {
			isa = PBXGroup;
			children = (
				EA091A17150A92870033C7DF /* Graviton-Info.plist */,
				EA091A18150A92870033C7DF /* InfoPlist.strings */,
				EA091A1B150A92870033C7DF /* Graviton-Prefix.pch */,
			);
			name = "Supporting Files";
			sourceTree = "<group>";
		};
		EA091A28150A933A0033C7DF /* Files */ = {
			isa = PBXGroup;
			children = (
				EA091A29150A93530033C7DF /* GXFileOperationQueue.h */,
				EA091A2D150A935E0033C7DF /* GXFileOperationQueue_Private.h */,
				EA091A2A150A93530033C7DF /* GXFileOperationQueue.m */,
			);
			path = Files;
			sourceTree = "<group>";
		};
		EA4424DC15193D6D00EA1C1B /* Categories */ = {
			isa = PBXGroup;
			children = (
				EA4424DE15193D7F00EA1C1B /* NSObject+GravitonAdditions.h */,
				EA4424DF15193D7F00EA1C1B /* NSObject+GravitonAdditions.m */,
			);
			path = Categories;
			sourceTree = "<group>";
		};
		EA55FA41151D35A80088F053 /* libGraviton */ = {
			isa = PBXGroup;
			children = (
				EA55FA42151D35A80088F053 /* Supporting Files */,
			);
			path = libGraviton;
			sourceTree = "<group>";
		};
		EA55FA42151D35A80088F053 /* Supporting Files */ = {
			isa = PBXGroup;
			children = (
				EA55FA43151D35A80088F053 /* libGraviton-Prefix.pch */,
			);
			name = "Supporting Files";
			sourceTree = "<group>";
		};
/* End PBXGroup section */

/* Begin PBXHeadersBuildPhase section */
		EA091A09150A92870033C7DF /* Headers */ = {
			isa = PBXHeadersBuildPhase;
			buildActionMask = 2147483647;
			files = (
				EA091A25150A92CA0033C7DF /* GravitonDefines.h in Headers */,
				EA091A26150A92CE0033C7DF /* Graviton.h in Headers */,
				EA091A2B150A93530033C7DF /* GXFileOperationQueue.h in Headers */,
				EA091A2E150A935E0033C7DF /* GXFileOperationQueue_Private.h in Headers */,
				EA4424E015193D7F00EA1C1B /* NSObject+GravitonAdditions.h in Headers */,
			);
			runOnlyForDeploymentPostprocessing = 0;
		};
		EA55FA3D151D35A70088F053 /* Headers */ = {
			isa = PBXHeadersBuildPhase;
			buildActionMask = 2147483647;
			files = (
				EA55FA4B151D35B30088F053 /* Graviton.h in Headers */,
				EA55FA4C151D35B70088F053 /* GravitonDefines.h in Headers */,
				EA55FA4D151D35C80088F053 /* GXFileOperationQueue.h in Headers */,
				EA55FA4E151D35C80088F053 /* NSObject+GravitonAdditions.h in Headers */,
				EA55FA4F151D35CE0088F053 /* GXFileOperationQueue_Private.h in Headers */,
			);
			runOnlyForDeploymentPostprocessing = 0;
		};
/* End PBXHeadersBuildPhase section */

/* Begin PBXNativeTarget section */
		EA091A0B150A92870033C7DF /* Graviton */ = {
			isa = PBXNativeTarget;
			buildConfigurationList = EA091A21150A92870033C7DF /* Build configuration list for PBXNativeTarget "Graviton" */;
			buildPhases = (
				EA091A07150A92870033C7DF /* Sources */,
				EA091A08150A92870033C7DF /* Frameworks */,
				EA091A09150A92870033C7DF /* Headers */,
				EA091A0A150A92870033C7DF /* Resources */,
			);
			buildRules = (
			);
			dependencies = (
			);
			name = Graviton;
			productName = Graviton;
			productReference = EA091A0C150A92870033C7DF /* Graviton.framework */;
			productType = "com.apple.product-type.framework";
		};
		EA55FA3E151D35A70088F053 /* libGraviton */ = {
			isa = PBXNativeTarget;
			buildConfigurationList = EA55FA49151D35A80088F053 /* Build configuration list for PBXNativeTarget "libGraviton" */;
			buildPhases = (
				EA55FA3B151D35A70088F053 /* Sources */,
				EA55FA3C151D35A70088F053 /* Frameworks */,
				EA55FA3D151D35A70088F053 /* Headers */,
			);
			buildRules = (
			);
			dependencies = (
			);
			name = libGraviton;
			productName = libGraviton;
			productReference = EA55FA3F151D35A70088F053 /* liblibGraviton.a */;
			productType = "com.apple.product-type.library.static";
		};
/* End PBXNativeTarget section */

/* Begin PBXProject section */
		EA091A02150A92860033C7DF /* Project object */ = {
			isa = PBXProject;
			attributes = {
				CLASSPREFIX = GX;
				LastUpgradeCheck = 0430;
				ORGANIZATIONNAME = "Sunflower Softworks";
			};
			buildConfigurationList = EA091A05150A92860033C7DF /* Build configuration list for PBXProject "Graviton" */;
			compatibilityVersion = "Xcode 3.2";
			developmentRegion = English;
			hasScannedForEncodings = 0;
			knownRegions = (
				en,
			);
			mainGroup = EA091A00150A92860033C7DF;
			productRefGroup = EA091A0D150A92870033C7DF /* Products */;
			projectDirPath = "";
			projectRoot = "";
			targets = (
				EA091A0B150A92870033C7DF /* Graviton */,
				EA55FA3E151D35A70088F053 /* libGraviton */,
			);
		};
/* End PBXProject section */

/* Begin PBXResourcesBuildPhase section */
		EA091A0A150A92870033C7DF /* Resources */ = {
			isa = PBXResourcesBuildPhase;
			buildActionMask = 2147483647;
			files = (
				EA091A1A150A92870033C7DF /* InfoPlist.strings in Resources */,
			);
			runOnlyForDeploymentPostprocessing = 0;
		};
/* End PBXResourcesBuildPhase section */

/* Begin PBXSourcesBuildPhase section */
		EA091A07150A92870033C7DF /* Sources */ = {
			isa = PBXSourcesBuildPhase;
			buildActionMask = 2147483647;
			files = (
				EA091A1E150A92870033C7DF /* Graviton.m in Sources */,
				EA091A2C150A93530033C7DF /* GXFileOperationQueue.m in Sources */,
				EA4424E115193D7F00EA1C1B /* NSObject+GravitonAdditions.m in Sources */,
			);
			runOnlyForDeploymentPostprocessing = 0;
		};
		EA55FA3B151D35A70088F053 /* Sources */ = {
			isa = PBXSourcesBuildPhase;
			buildActionMask = 2147483647;
			files = (
			);
			runOnlyForDeploymentPostprocessing = 0;
		};
/* End PBXSourcesBuildPhase section */

/* Begin PBXVariantGroup section */
		EA091A18150A92870033C7DF /* InfoPlist.strings */ = {
			isa = PBXVariantGroup;
			children = (
				EA091A19150A92870033C7DF /* en */,
			);
			name = InfoPlist.strings;
			sourceTree = "<group>";
		};
/* End PBXVariantGroup section */

/* Begin XCBuildConfiguration section */
		EA091A1F150A92870033C7DF /* Debug */ = {
			isa = XCBuildConfiguration;
			buildSettings = {
				ALWAYS_SEARCH_USER_PATHS = NO;
				ARCHS = "$(ARCHS_STANDARD_64_BIT)";
				CLANG_ENABLE_OBJC_ARC = YES;
				COPY_PHASE_STRIP = NO;
				GCC_C_LANGUAGE_STANDARD = gnu99;
				GCC_DYNAMIC_NO_PIC = NO;
				GCC_ENABLE_OBJC_EXCEPTIONS = YES;
				GCC_OPTIMIZATION_LEVEL = 0;
				GCC_PREPROCESSOR_DEFINITIONS = (
					"DEBUG=1",
					"$(inherited)",
				);
				GCC_SYMBOLS_PRIVATE_EXTERN = NO;
				GCC_VERSION = com.apple.compilers.llvm.clang.1_0;
				GCC_WARN_64_TO_32_BIT_CONVERSION = YES;
				GCC_WARN_ABOUT_RETURN_TYPE = YES;
				GCC_WARN_UNINITIALIZED_AUTOS = YES;
				GCC_WARN_UNUSED_VARIABLE = YES;
				MACOSX_DEPLOYMENT_TARGET = 10.7;
				ONLY_ACTIVE_ARCH = YES;
				SDKROOT = macosx;
			};
			name = Debug;
		};
		EA091A20150A92870033C7DF /* Release */ = {
			isa = XCBuildConfiguration;
			buildSettings = {
				ALWAYS_SEARCH_USER_PATHS = NO;
				ARCHS = "$(ARCHS_STANDARD_64_BIT)";
				CLANG_ENABLE_OBJC_ARC = YES;
				COPY_PHASE_STRIP = YES;
				DEBUG_INFORMATION_FORMAT = "dwarf-with-dsym";
				GCC_C_LANGUAGE_STANDARD = gnu99;
				GCC_ENABLE_OBJC_EXCEPTIONS = YES;
				GCC_VERSION = com.apple.compilers.llvm.clang.1_0;
				GCC_WARN_64_TO_32_BIT_CONVERSION = YES;
				GCC_WARN_ABOUT_RETURN_TYPE = YES;
				GCC_WARN_UNINITIALIZED_AUTOS = YES;
				GCC_WARN_UNUSED_VARIABLE = YES;
				MACOSX_DEPLOYMENT_TARGET = 10.7;
				SDKROOT = macosx;
			};
			name = Release;
		};
		EA091A22150A92870033C7DF /* Debug */ = {
			isa = XCBuildConfiguration;
			buildSettings = {
				DYLIB_COMPATIBILITY_VERSION = 1;
				DYLIB_CURRENT_VERSION = 1;
				FRAMEWORK_VERSION = A;
				GCC_PRECOMPILE_PREFIX_HEADER = YES;
				GCC_PREFIX_HEADER = "Graviton/Graviton-Prefix.pch";
				INFOPLIST_FILE = "Graviton/Graviton-Info.plist";
				PRODUCT_NAME = "$(TARGET_NAME)";
				WRAPPER_EXTENSION = framework;
			};
			name = Debug;
		};
		EA091A23150A92870033C7DF /* Release */ = {
			isa = XCBuildConfiguration;
			buildSettings = {
				DYLIB_COMPATIBILITY_VERSION = 1;
				DYLIB_CURRENT_VERSION = 1;
				FRAMEWORK_VERSION = A;
				GCC_PRECOMPILE_PREFIX_HEADER = YES;
				GCC_PREFIX_HEADER = "Graviton/Graviton-Prefix.pch";
				INFOPLIST_FILE = "Graviton/Graviton-Info.plist";
				PRODUCT_NAME = "$(TARGET_NAME)";
				WRAPPER_EXTENSION = framework;
			};
			name = Release;
		};
		EA55FA47151D35A80088F053 /* Debug */ = {
			isa = XCBuildConfiguration;
			buildSettings = {
				ARCHS = "$(ARCHS_STANDARD_32_BIT)";
				DSTROOT = /tmp/libGraviton.dst;
				GCC_PRECOMPILE_PREFIX_HEADER = YES;
				GCC_PREFIX_HEADER = "libGraviton/libGraviton-Prefix.pch";
				IPHONEOS_DEPLOYMENT_TARGET = 5.1;
				OTHER_LDFLAGS = "-ObjC";
				PRODUCT_NAME = "$(TARGET_NAME)";
				SDKROOT = iphoneos;
				SKIP_INSTALL = YES;
			};
			name = Debug;
		};
		EA55FA48151D35A80088F053 /* Release */ = {
			isa = XCBuildConfiguration;
			buildSettings = {
				ARCHS = "$(ARCHS_STANDARD_32_BIT)";
				DSTROOT = /tmp/libGraviton.dst;
				GCC_PRECOMPILE_PREFIX_HEADER = YES;
				GCC_PREFIX_HEADER = "libGraviton/libGraviton-Prefix.pch";
				IPHONEOS_DEPLOYMENT_TARGET = 5.1;
				OTHER_LDFLAGS = "-ObjC";
				PRODUCT_NAME = "$(TARGET_NAME)";
				SDKROOT = iphoneos;
				SKIP_INSTALL = YES;
				VALIDATE_PRODUCT = YES;
			};
			name = Release;
		};
/* End XCBuildConfiguration section */

/* Begin XCConfigurationList section */
		EA091A05150A92860033C7DF /* Build configuration list for PBXProject "Graviton" */ = {
			isa = XCConfigurationList;
			buildConfigurations = (
				EA091A1F150A92870033C7DF /* Debug */,
				EA091A20150A92870033C7DF /* Release */,
			);
			defaultConfigurationIsVisible = 0;
			defaultConfigurationName = Release;
		};
		EA091A21150A92870033C7DF /* Build configuration list for PBXNativeTarget "Graviton" */ = {
			isa = XCConfigurationList;
			buildConfigurations = (
				EA091A22150A92870033C7DF /* Debug */,
				EA091A23150A92870033C7DF /* Release */,
			);
			defaultConfigurationIsVisible = 0;
			defaultConfigurationName = Release;
		};
		EA55FA49151D35A80088F053 /* Build configuration list for PBXNativeTarget "libGraviton" */ = {
			isa = XCConfigurationList;
			buildConfigurations = (
				EA55FA47151D35A80088F053 /* Debug */,
				EA55FA48151D35A80088F053 /* Release */,
			);
			defaultConfigurationIsVisible = 0;
		};
/* End XCConfigurationList section */
	};
	rootObject = EA091A02150A92860033C7DF /* Project object */;
}
